// !$*UTF8*$!
{
	archiveVersion = 1;
	classes = {
	};
	objectVersion = 46;
	objects = {

/* Begin PBXBuildFile section */
		CC0D9E6E1BF6A3910048B18C /* backup-help.png in Resources */ = {isa = PBXBuildFile; fileRef = CC0D9E6C1BF6A3910048B18C /* backup-help.png */; };
		CC0D9E6F1BF6A3910048B18C /* backup-help@2x.png in Resources */ = {isa = PBXBuildFile; fileRef = CC0D9E6D1BF6A3910048B18C /* backup-help@2x.png */; };
		CC139DE41BDC34F800BF0A5B /* bitpix-move-76.png in Resources */ = {isa = PBXBuildFile; fileRef = CC139DE11BDC34F800BF0A5B /* bitpix-move-76.png */; };
		CC139DE51BDC34F800BF0A5B /* bitpix-move-120.png in Resources */ = {isa = PBXBuildFile; fileRef = CC139DE21BDC34F800BF0A5B /* bitpix-move-120.png */; };
		CC139DE61BDC34F800BF0A5B /* bitpix-move-152.png in Resources */ = {isa = PBXBuildFile; fileRef = CC139DE31BDC34F800BF0A5B /* bitpix-move-152.png */; };
		CC139DE81BDC353100BF0A5B /* Images.xcassets in Resources */ = {isa = PBXBuildFile; fileRef = CC139DE71BDC353100BF0A5B /* Images.xcassets */; };
		CC1D32691BDD9D6D002E9294 /* UIImageXtras.m in Sources */ = {isa = PBXBuildFile; fileRef = CC1D32681BDD9D6D002E9294 /* UIImageXtras.m */; };
		CC1E76BB1C23AF0E00FC7F96 /* bitpix-move-167.png in Resources */ = {isa = PBXBuildFile; fileRef = CC1E76BA1C23AF0D00FC7F96 /* bitpix-move-167.png */; };
		CC3C92D81C2BACE000C17DD0 /* trash_w.pdf in Resources */ = {isa = PBXBuildFile; fileRef = CC3C92D71C2BACE000C17DD0 /* trash_w.pdf */; };
		CC3C92F01C2BAF0900C17DD0 /* export_w.pdf in Resources */ = {isa = PBXBuildFile; fileRef = CC3C92D91C2BAF0900C17DD0 /* export_w.pdf */; };
		CC3C92F11C2BAF0900C17DD0 /* export.pdf in Resources */ = {isa = PBXBuildFile; fileRef = CC3C92DA1C2BAF0900C17DD0 /* export.pdf */; };
		CC3C92F21C2BAF0900C17DD0 /* list_w.pdf in Resources */ = {isa = PBXBuildFile; fileRef = CC3C92DB1C2BAF0900C17DD0 /* list_w.pdf */; };
		CC3C92F31C2BAF0900C17DD0 /* list.pdf in Resources */ = {isa = PBXBuildFile; fileRef = CC3C92DC1C2BAF0900C17DD0 /* list.pdf */; };
		CC3C92F41C2BAF0900C17DD0 /* new_w.pdf in Resources */ = {isa = PBXBuildFile; fileRef = CC3C92DD1C2BAF0900C17DD0 /* new_w.pdf */; };
		CC3C92F51C2BAF0900C17DD0 /* new.pdf in Resources */ = {isa = PBXBuildFile; fileRef = CC3C92DE1C2BAF0900C17DD0 /* new.pdf */; };
		CC3C92F61C2BAF0900C17DD0 /* next_w.pdf in Resources */ = {isa = PBXBuildFile; fileRef = CC3C92DF1C2BAF0900C17DD0 /* next_w.pdf */; };
		CC3C92F71C2BAF0900C17DD0 /* next-small_w.pdf in Resources */ = {isa = PBXBuildFile; fileRef = CC3C92E01C2BAF0900C17DD0 /* next-small_w.pdf */; };
		CC3C92F81C2BAF0900C17DD0 /* next-small.pdf in Resources */ = {isa = PBXBuildFile; fileRef = CC3C92E11C2BAF0900C17DD0 /* next-small.pdf */; };
		CC3C92F91C2BAF0900C17DD0 /* next.pdf in Resources */ = {isa = PBXBuildFile; fileRef = CC3C92E21C2BAF0900C17DD0 /* next.pdf */; };
		CC3C92FA1C2BAF0900C17DD0 /* play_w.pdf in Resources */ = {isa = PBXBuildFile; fileRef = CC3C92E31C2BAF0900C17DD0 /* play_w.pdf */; };
		CC3C92FB1C2BAF0900C17DD0 /* play.pdf in Resources */ = {isa = PBXBuildFile; fileRef = CC3C92E41C2BAF0900C17DD0 /* play.pdf */; };
		CC3C92FC1C2BAF0900C17DD0 /* previous_w.pdf in Resources */ = {isa = PBXBuildFile; fileRef = CC3C92E51C2BAF0900C17DD0 /* previous_w.pdf */; };
		CC3C92FD1C2BAF0900C17DD0 /* previous-small_w.pdf in Resources */ = {isa = PBXBuildFile; fileRef = CC3C92E61C2BAF0900C17DD0 /* previous-small_w.pdf */; };
		CC3C92FE1C2BAF0900C17DD0 /* previous-small.pdf in Resources */ = {isa = PBXBuildFile; fileRef = CC3C92E71C2BAF0900C17DD0 /* previous-small.pdf */; };
		CC3C92FF1C2BAF0900C17DD0 /* previous.pdf in Resources */ = {isa = PBXBuildFile; fileRef = CC3C92E81C2BAF0900C17DD0 /* previous.pdf */; };
		CC3C93001C2BAF0900C17DD0 /* settings_w.pdf in Resources */ = {isa = PBXBuildFile; fileRef = CC3C92E91C2BAF0900C17DD0 /* settings_w.pdf */; };
		CC3C93011C2BAF0900C17DD0 /* settings.pdf in Resources */ = {isa = PBXBuildFile; fileRef = CC3C92EA1C2BAF0900C17DD0 /* settings.pdf */; };
		CC3C93021C2BAF0900C17DD0 /* stop_w.pdf in Resources */ = {isa = PBXBuildFile; fileRef = CC3C92EB1C2BAF0900C17DD0 /* stop_w.pdf */; };
		CC3C93031C2BAF0900C17DD0 /* stop.pdf in Resources */ = {isa = PBXBuildFile; fileRef = CC3C92EC1C2BAF0900C17DD0 /* stop.pdf */; };
		CC3C93041C2BAF0900C17DD0 /* trash.pdf in Resources */ = {isa = PBXBuildFile; fileRef = CC3C92ED1C2BAF0900C17DD0 /* trash.pdf */; };
		CC3C93051C2BAF0900C17DD0 /* undo_w.pdf in Resources */ = {isa = PBXBuildFile; fileRef = CC3C92EE1C2BAF0900C17DD0 /* undo_w.pdf */; };
		CC3C93061C2BAF0900C17DD0 /* undo.pdf in Resources */ = {isa = PBXBuildFile; fileRef = CC3C92EF1C2BAF0900C17DD0 /* undo.pdf */; };
		CC3C93091C2BB0AB00C17DD0 /* duplicate_w.pdf in Resources */ = {isa = PBXBuildFile; fileRef = CC3C93071C2BB0AB00C17DD0 /* duplicate_w.pdf */; };
		CC3C930A1C2BB0AB00C17DD0 /* duplicate.pdf in Resources */ = {isa = PBXBuildFile; fileRef = CC3C93081C2BB0AB00C17DD0 /* duplicate.pdf */; };
		CC3C930C1C2BBDF800C17DD0 /* delete.pdf in Resources */ = {isa = PBXBuildFile; fileRef = CC3C930B1C2BBDF700C17DD0 /* delete.pdf */; };
		CC3C930F1C2C36AF00C17DD0 /* svg-icon.pdf in Resources */ = {isa = PBXBuildFile; fileRef = CC3C930D1C2C36AF00C17DD0 /* svg-icon.pdf */; };
		CC3C93101C2C36AF00C17DD0 /* video-icon.pdf in Resources */ = {isa = PBXBuildFile; fileRef = CC3C930E1C2C36AF00C17DD0 /* video-icon.pdf */; };
		CC41AC911C114DA1004D2963 /* launch-logo.pdf in Resources */ = {isa = PBXBuildFile; fileRef = CC41AC901C114DA1004D2963 /* launch-logo.pdf */; };
		CC4D079A1BD85D5400A52613 /* main.m in Sources */ = {isa = PBXBuildFile; fileRef = CC4D07991BD85D5400A52613 /* main.m */; };
		CC4D079D1BD85D5400A52613 /* AppDelegate.m in Sources */ = {isa = PBXBuildFile; fileRef = CC4D079C1BD85D5400A52613 /* AppDelegate.m */; };
		CC4D07A01BD85D5400A52613 /* MainViewController.m in Sources */ = {isa = PBXBuildFile; fileRef = CC4D079F1BD85D5400A52613 /* MainViewController.m */; };
		CC4D07A31BD85D5400A52613 /* Main.storyboard in Resources */ = {isa = PBXBuildFile; fileRef = CC4D07A11BD85D5400A52613 /* Main.storyboard */; };
		CC4D07A51BD85D5400A52613 /* Assets.xcassets in Resources */ = {isa = PBXBuildFile; fileRef = CC4D07A41BD85D5400A52613 /* Assets.xcassets */; };
		CC4D07A81BD85D5400A52613 /* LaunchScreen.storyboard in Resources */ = {isa = PBXBuildFile; fileRef = CC4D07A61BD85D5400A52613 /* LaunchScreen.storyboard */; };
		CC4D07B11BD85F3400A52613 /* DrawView.m in Sources */ = {isa = PBXBuildFile; fileRef = CC4D07B01BD85F3400A52613 /* DrawView.m */; };
		CC4D44091BEFE8B4000B0209 /* ioapi.c in Sources */ = {isa = PBXBuildFile; fileRef = CC4D43CF1BEFE8B4000B0209 /* ioapi.c */; };
		CC4D440A1BEFE8B4000B0209 /* unzip.c in Sources */ = {isa = PBXBuildFile; fileRef = CC4D43D11BEFE8B4000B0209 /* unzip.c */; };
		CC4D440B1BEFE8B4000B0209 /* zip.c in Sources */ = {isa = PBXBuildFile; fileRef = CC4D43D31BEFE8B4000B0209 /* zip.c */; };
		CC4D440C1BEFE8B4000B0209 /* OZFileInZipInfo.m in Sources */ = {isa = PBXBuildFile; fileRef = CC4D43DA1BEFE8B4000B0209 /* OZFileInZipInfo.m */; };
		CC4D440D1BEFE8B4000B0209 /* OZZipException.m in Sources */ = {isa = PBXBuildFile; fileRef = CC4D43DE1BEFE8B4000B0209 /* OZZipException.m */; };
		CC4D440E1BEFE8B4000B0209 /* OZZipFile.m in Sources */ = {isa = PBXBuildFile; fileRef = CC4D43E21BEFE8B4000B0209 /* OZZipFile.m */; };
		CC4D440F1BEFE8B4000B0209 /* OZZipReadStream.m in Sources */ = {isa = PBXBuildFile; fileRef = CC4D43E81BEFE8B4000B0209 /* OZZipReadStream.m */; };
		CC4D44101BEFE8B4000B0209 /* OZZipWriteStream.m in Sources */ = {isa = PBXBuildFile; fileRef = CC4D43ED1BEFE8B4000B0209 /* OZZipWriteStream.m */; };
		CC4D44111BEFE8B4000B0209 /* adler32.c in Sources */ = {isa = PBXBuildFile; fileRef = CC4D43EF1BEFE8B4000B0209 /* adler32.c */; };
		CC4D44121BEFE8B4000B0209 /* compress.c in Sources */ = {isa = PBXBuildFile; fileRef = CC4D43F01BEFE8B4000B0209 /* compress.c */; };
		CC4D44131BEFE8B4000B0209 /* crc32.c in Sources */ = {isa = PBXBuildFile; fileRef = CC4D43F11BEFE8B4000B0209 /* crc32.c */; };
		CC4D44141BEFE8B4000B0209 /* deflate.c in Sources */ = {isa = PBXBuildFile; fileRef = CC4D43F31BEFE8B4000B0209 /* deflate.c */; };
		CC4D44151BEFE8B4000B0209 /* gzclose.c in Sources */ = {isa = PBXBuildFile; fileRef = CC4D43F51BEFE8B4000B0209 /* gzclose.c */; };
		CC4D44161BEFE8B4000B0209 /* gzlib.c in Sources */ = {isa = PBXBuildFile; fileRef = CC4D43F71BEFE8B4000B0209 /* gzlib.c */; };
		CC4D44171BEFE8B4000B0209 /* gzread.c in Sources */ = {isa = PBXBuildFile; fileRef = CC4D43F81BEFE8B4000B0209 /* gzread.c */; };
		CC4D44181BEFE8B4000B0209 /* gzwrite.c in Sources */ = {isa = PBXBuildFile; fileRef = CC4D43F91BEFE8B4000B0209 /* gzwrite.c */; };
		CC4D44191BEFE8B4000B0209 /* infback.c in Sources */ = {isa = PBXBuildFile; fileRef = CC4D43FA1BEFE8B4000B0209 /* infback.c */; };
		CC4D441A1BEFE8B4000B0209 /* inffast.c in Sources */ = {isa = PBXBuildFile; fileRef = CC4D43FB1BEFE8B4000B0209 /* inffast.c */; };
		CC4D441B1BEFE8B4000B0209 /* inflate.c in Sources */ = {isa = PBXBuildFile; fileRef = CC4D43FE1BEFE8B4000B0209 /* inflate.c */; };
		CC4D441C1BEFE8B4000B0209 /* inftrees.c in Sources */ = {isa = PBXBuildFile; fileRef = CC4D44001BEFE8B4000B0209 /* inftrees.c */; };
		CC4D441D1BEFE8B4000B0209 /* trees.c in Sources */ = {isa = PBXBuildFile; fileRef = CC4D44021BEFE8B4000B0209 /* trees.c */; };
		CC4D441E1BEFE8B4000B0209 /* uncompr.c in Sources */ = {isa = PBXBuildFile; fileRef = CC4D44041BEFE8B4000B0209 /* uncompr.c */; };
		CC4D441F1BEFE8B4000B0209 /* zutil.c in Sources */ = {isa = PBXBuildFile; fileRef = CC4D44071BEFE8B4000B0209 /* zutil.c */; };
		CC4D44221BF00558000B0209 /* SVGExportActivityItemProvider.m in Sources */ = {isa = PBXBuildFile; fileRef = CC4D44211BF00558000B0209 /* SVGExportActivityItemProvider.m */; };
		CC4EFDE91C7435CB00B237DA /* bitpix-move-80.png in Resources */ = {isa = PBXBuildFile; fileRef = CC4EFDE81C7435CB00B237DA /* bitpix-move-80.png */; };
		CC4FCC251C2F585000B973EF /* LXReorderableCollectionViewFlowLayout.m in Sources */ = {isa = PBXBuildFile; fileRef = CC4FCC241C2F585000B973EF /* LXReorderableCollectionViewFlowLayout.m */; };
		CC4FCC281C2F5A4000B973EF /* FrameCell.m in Sources */ = {isa = PBXBuildFile; fileRef = CC4FCC271C2F5A4000B973EF /* FrameCell.m */; };
		CC96A21E1C0D2BE500DADB79 /* CEMovieMaker.m in Sources */ = {isa = PBXBuildFile; fileRef = CC96A21D1C0D2BE500DADB79 /* CEMovieMaker.m */; };
		CC96A22C1C0E9AA100DADB79 /* DMActivityInstagram.m in Sources */ = {isa = PBXBuildFile; fileRef = CC96A2271C0E9AA100DADB79 /* DMActivityInstagram.m */; };
		CC96A22D1C0E9AA100DADB79 /* instagram.png in Resources */ = {isa = PBXBuildFile; fileRef = CC96A2281C0E9AA100DADB79 /* instagram.png */; };
		CC96A22E1C0E9AA100DADB79 /* instagram@2x.png in Resources */ = {isa = PBXBuildFile; fileRef = CC96A2291C0E9AA100DADB79 /* instagram@2x.png */; };
		CC96A22F1C0E9AA100DADB79 /* instagram~ipad.png in Resources */ = {isa = PBXBuildFile; fileRef = CC96A22A1C0E9AA100DADB79 /* instagram~ipad.png */; };
		CC96A2301C0E9AA100DADB79 /* instagram~ipad@2x.png in Resources */ = {isa = PBXBuildFile; fileRef = CC96A22B1C0E9AA100DADB79 /* instagram~ipad@2x.png */; };
		CCBF5ADE1C6FDFC30068E71E /* Interface.storyboard in Resources */ = {isa = PBXBuildFile; fileRef = CCBF5ADC1C6FDFC30068E71E /* Interface.storyboard */; };
		CCBF5AE01C6FDFC30068E71E /* Assets.xcassets in Resources */ = {isa = PBXBuildFile; fileRef = CCBF5ADF1C6FDFC30068E71E /* Assets.xcassets */; };
		CCBF5AE71C6FDFC30068E71E /* MovePix Extension.appex in Embed App Extensions */ = {isa = PBXBuildFile; fileRef = CCBF5AE61C6FDFC30068E71E /* MovePix Extension.appex */; settings = {ATTRIBUTES = (RemoveHeadersOnCopy, ); }; };
		CCBF5AF01C6FDFC30068E71E /* ExtensionDelegate.swift in Sources */ = {isa = PBXBuildFile; fileRef = CCBF5AEF1C6FDFC30068E71E /* ExtensionDelegate.swift */; };
		CCBF5AF21C6FDFC30068E71E /* NotificationController.swift in Sources */ = {isa = PBXBuildFile; fileRef = CCBF5AF11C6FDFC30068E71E /* NotificationController.swift */; };
		CCBF5AF41C6FDFC30068E71E /* Assets.xcassets in Resources */ = {isa = PBXBuildFile; fileRef = CCBF5AF31C6FDFC30068E71E /* Assets.xcassets */; };
		CCBF5AF81C6FDFC30068E71E /* MovePix.app in Embed Watch Content */ = {isa = PBXBuildFile; fileRef = CCBF5ADA1C6FDFC20068E71E /* MovePix.app */; };
		CCBF5B011C6FF1E80068E71E /* Data.plist in Resources */ = {isa = PBXBuildFile; fileRef = CCF3F9801BDC61EC0019059B /* Data.plist */; };
		CCBF5B021C6FF43D0068E71E /* launch-logo.pdf in Resources */ = {isa = PBXBuildFile; fileRef = CC41AC901C114DA1004D2963 /* launch-logo.pdf */; };
		CCBF5B061C6FF61E0068E71E /* AnimationInterfaceController.swift in Sources */ = {isa = PBXBuildFile; fileRef = CCBF5B051C6FF61E0068E71E /* AnimationInterfaceController.swift */; };
		CCBF5B071C6FF61E0068E71E /* AnimationInterfaceController.swift in Sources */ = {isa = PBXBuildFile; fileRef = CCBF5B051C6FF61E0068E71E /* AnimationInterfaceController.swift */; };
		CCBF5B081C6FF8450068E71E /* UserData.m in Sources */ = {isa = PBXBuildFile; fileRef = CCF3F97B1BDC60850019059B /* UserData.m */; };
		CCBF5B0B1C6FF93F0068E71E /* Animation.swift in Sources */ = {isa = PBXBuildFile; fileRef = CCBF5B0A1C6FF93F0068E71E /* Animation.swift */; };
		CCBF5B0C1C6FF93F0068E71E /* Animation.swift in Sources */ = {isa = PBXBuildFile; fileRef = CCBF5B0A1C6FF93F0068E71E /* Animation.swift */; };
		CCBF5B121C70408D0068E71E /* WatchConnectivity.framework in Frameworks */ = {isa = PBXBuildFile; fileRef = CCBF5B111C70408D0068E71E /* WatchConnectivity.framework */; };
		CCF3F9761BDC59F80019059B /* DrawViewAnimator.m in Sources */ = {isa = PBXBuildFile; fileRef = CCF3F9751BDC59F80019059B /* DrawViewAnimator.m */; };
		CCF3F9791BDC5E6E0019059B /* GridViewController.m in Sources */ = {isa = PBXBuildFile; fileRef = CCF3F9781BDC5E6E0019059B /* GridViewController.m */; };
		CCF3F97C1BDC60850019059B /* UserData.m in Sources */ = {isa = PBXBuildFile; fileRef = CCF3F97B1BDC60850019059B /* UserData.m */; };
		CCF3F9811BDC61EC0019059B /* Data.plist in Resources */ = {isa = PBXBuildFile; fileRef = CCF3F9801BDC61EC0019059B /* Data.plist */; };
		CCF9A4921BEE549700B5B670 /* InfoViewController.m in Sources */ = {isa = PBXBuildFile; fileRef = CCF9A4911BEE549700B5B670 /* InfoViewController.m */; };
		CCFB14FB1BDDAD2300D513D3 /* ThumbnailCell.m in Sources */ = {isa = PBXBuildFile; fileRef = CCFB14FA1BDDAD2300D513D3 /* ThumbnailCell.m */; };
		CCFB14FE1BDDAF2800D513D3 /* ThumbnailView.m in Sources */ = {isa = PBXBuildFile; fileRef = CCFB14FD1BDDAF2800D513D3 /* ThumbnailView.m */; };
/* End PBXBuildFile section */

/* Begin PBXContainerItemProxy section */
		CCBF5AE81C6FDFC30068E71E /* PBXContainerItemProxy */ = {
			isa = PBXContainerItemProxy;
			containerPortal = CC4D078D1BD85D5400A52613 /* Project object */;
			proxyType = 1;
			remoteGlobalIDString = CCBF5AE51C6FDFC30068E71E;
			remoteInfo = "MovePix Extension";
		};
		CCBF5AF61C6FDFC30068E71E /* PBXContainerItemProxy */ = {
			isa = PBXContainerItemProxy;
			containerPortal = CC4D078D1BD85D5400A52613 /* Project object */;
			proxyType = 1;
			remoteGlobalIDString = CCBF5AD91C6FDFC20068E71E;
			remoteInfo = MovePix;
		};
/* End PBXContainerItemProxy section */

/* Begin PBXCopyFilesBuildPhase section */
		CCBF5AFE1C6FDFC30068E71E /* Embed App Extensions */ = {
			isa = PBXCopyFilesBuildPhase;
			buildActionMask = 2147483647;
			dstPath = "";
			dstSubfolderSpec = 13;
			files = (
				CCBF5AE71C6FDFC30068E71E /* MovePix Extension.appex in Embed App Extensions */,
			);
			name = "Embed App Extensions";
			runOnlyForDeploymentPostprocessing = 0;
		};
		CCBF5B001C6FDFC30068E71E /* Embed Watch Content */ = {
			isa = PBXCopyFilesBuildPhase;
			buildActionMask = 2147483647;
			dstPath = "$(CONTENTS_FOLDER_PATH)/Watch";
			dstSubfolderSpec = 16;
			files = (
				CCBF5AF81C6FDFC30068E71E /* MovePix.app in Embed Watch Content */,
			);
			name = "Embed Watch Content";
			runOnlyForDeploymentPostprocessing = 0;
		};
/* End PBXCopyFilesBuildPhase section */

/* Begin PBXFileReference section */
		CC0D9E6C1BF6A3910048B18C /* backup-help.png */ = {isa = PBXFileReference; lastKnownFileType = image.png; path = "backup-help.png"; sourceTree = "<group>"; };
		CC0D9E6D1BF6A3910048B18C /* backup-help@2x.png */ = {isa = PBXFileReference; lastKnownFileType = image.png; path = "backup-help@2x.png"; sourceTree = "<group>"; };
		CC139DE11BDC34F800BF0A5B /* bitpix-move-76.png */ = {isa = PBXFileReference; lastKnownFileType = image.png; path = "bitpix-move-76.png"; sourceTree = "<group>"; };
		CC139DE21BDC34F800BF0A5B /* bitpix-move-120.png */ = {isa = PBXFileReference; lastKnownFileType = image.png; path = "bitpix-move-120.png"; sourceTree = "<group>"; };
		CC139DE31BDC34F800BF0A5B /* bitpix-move-152.png */ = {isa = PBXFileReference; lastKnownFileType = image.png; path = "bitpix-move-152.png"; sourceTree = "<group>"; };
		CC139DE71BDC353100BF0A5B /* Images.xcassets */ = {isa = PBXFileReference; lastKnownFileType = folder.assetcatalog; path = Images.xcassets; sourceTree = "<group>"; };
		CC1D32671BDD9D6D002E9294 /* UIImageXtras.h */ = {isa = PBXFileReference; fileEncoding = 4; lastKnownFileType = sourcecode.c.h; path = UIImageXtras.h; sourceTree = "<group>"; };
		CC1D32681BDD9D6D002E9294 /* UIImageXtras.m */ = {isa = PBXFileReference; fileEncoding = 4; lastKnownFileType = sourcecode.c.objc; path = UIImageXtras.m; sourceTree = "<group>"; };
		CC1D326A1BDDA14C002E9294 /* Config.h */ = {isa = PBXFileReference; lastKnownFileType = sourcecode.c.h; path = Config.h; sourceTree = "<group>"; };
		CC1E76BA1C23AF0D00FC7F96 /* bitpix-move-167.png */ = {isa = PBXFileReference; lastKnownFileType = image.png; path = "bitpix-move-167.png"; sourceTree = "<group>"; };
		CC3C92D71C2BACE000C17DD0 /* trash_w.pdf */ = {isa = PBXFileReference; lastKnownFileType = image.pdf; path = trash_w.pdf; sourceTree = "<group>"; };
		CC3C92D91C2BAF0900C17DD0 /* export_w.pdf */ = {isa = PBXFileReference; lastKnownFileType = image.pdf; path = export_w.pdf; sourceTree = "<group>"; };
		CC3C92DA1C2BAF0900C17DD0 /* export.pdf */ = {isa = PBXFileReference; lastKnownFileType = image.pdf; path = export.pdf; sourceTree = "<group>"; };
		CC3C92DB1C2BAF0900C17DD0 /* list_w.pdf */ = {isa = PBXFileReference; lastKnownFileType = image.pdf; path = list_w.pdf; sourceTree = "<group>"; };
		CC3C92DC1C2BAF0900C17DD0 /* list.pdf */ = {isa = PBXFileReference; lastKnownFileType = image.pdf; path = list.pdf; sourceTree = "<group>"; };
		CC3C92DD1C2BAF0900C17DD0 /* new_w.pdf */ = {isa = PBXFileReference; lastKnownFileType = image.pdf; path = new_w.pdf; sourceTree = "<group>"; };
		CC3C92DE1C2BAF0900C17DD0 /* new.pdf */ = {isa = PBXFileReference; lastKnownFileType = image.pdf; path = new.pdf; sourceTree = "<group>"; };
		CC3C92DF1C2BAF0900C17DD0 /* next_w.pdf */ = {isa = PBXFileReference; lastKnownFileType = image.pdf; path = next_w.pdf; sourceTree = "<group>"; };
		CC3C92E01C2BAF0900C17DD0 /* next-small_w.pdf */ = {isa = PBXFileReference; lastKnownFileType = image.pdf; path = "next-small_w.pdf"; sourceTree = "<group>"; };
		CC3C92E11C2BAF0900C17DD0 /* next-small.pdf */ = {isa = PBXFileReference; lastKnownFileType = image.pdf; path = "next-small.pdf"; sourceTree = "<group>"; };
		CC3C92E21C2BAF0900C17DD0 /* next.pdf */ = {isa = PBXFileReference; lastKnownFileType = image.pdf; path = next.pdf; sourceTree = "<group>"; };
		CC3C92E31C2BAF0900C17DD0 /* play_w.pdf */ = {isa = PBXFileReference; lastKnownFileType = image.pdf; path = play_w.pdf; sourceTree = "<group>"; };
		CC3C92E41C2BAF0900C17DD0 /* play.pdf */ = {isa = PBXFileReference; lastKnownFileType = image.pdf; path = play.pdf; sourceTree = "<group>"; };
		CC3C92E51C2BAF0900C17DD0 /* previous_w.pdf */ = {isa = PBXFileReference; lastKnownFileType = image.pdf; path = previous_w.pdf; sourceTree = "<group>"; };
		CC3C92E61C2BAF0900C17DD0 /* previous-small_w.pdf */ = {isa = PBXFileReference; lastKnownFileType = image.pdf; path = "previous-small_w.pdf"; sourceTree = "<group>"; };
		CC3C92E71C2BAF0900C17DD0 /* previous-small.pdf */ = {isa = PBXFileReference; lastKnownFileType = image.pdf; path = "previous-small.pdf"; sourceTree = "<group>"; };
		CC3C92E81C2BAF0900C17DD0 /* previous.pdf */ = {isa = PBXFileReference; lastKnownFileType = image.pdf; path = previous.pdf; sourceTree = "<group>"; };
		CC3C92E91C2BAF0900C17DD0 /* settings_w.pdf */ = {isa = PBXFileReference; lastKnownFileType = image.pdf; path = settings_w.pdf; sourceTree = "<group>"; };
		CC3C92EA1C2BAF0900C17DD0 /* settings.pdf */ = {isa = PBXFileReference; lastKnownFileType = image.pdf; path = settings.pdf; sourceTree = "<group>"; };
		CC3C92EB1C2BAF0900C17DD0 /* stop_w.pdf */ = {isa = PBXFileReference; lastKnownFileType = image.pdf; path = stop_w.pdf; sourceTree = "<group>"; };
		CC3C92EC1C2BAF0900C17DD0 /* stop.pdf */ = {isa = PBXFileReference; lastKnownFileType = image.pdf; path = stop.pdf; sourceTree = "<group>"; };
		CC3C92ED1C2BAF0900C17DD0 /* trash.pdf */ = {isa = PBXFileReference; lastKnownFileType = image.pdf; path = trash.pdf; sourceTree = "<group>"; };
		CC3C92EE1C2BAF0900C17DD0 /* undo_w.pdf */ = {isa = PBXFileReference; lastKnownFileType = image.pdf; path = undo_w.pdf; sourceTree = "<group>"; };
		CC3C92EF1C2BAF0900C17DD0 /* undo.pdf */ = {isa = PBXFileReference; lastKnownFileType = image.pdf; path = undo.pdf; sourceTree = "<group>"; };
		CC3C93071C2BB0AB00C17DD0 /* duplicate_w.pdf */ = {isa = PBXFileReference; lastKnownFileType = image.pdf; path = duplicate_w.pdf; sourceTree = "<group>"; };
		CC3C93081C2BB0AB00C17DD0 /* duplicate.pdf */ = {isa = PBXFileReference; lastKnownFileType = image.pdf; path = duplicate.pdf; sourceTree = "<group>"; };
		CC3C930B1C2BBDF700C17DD0 /* delete.pdf */ = {isa = PBXFileReference; lastKnownFileType = image.pdf; path = delete.pdf; sourceTree = "<group>"; };
		CC3C930D1C2C36AF00C17DD0 /* svg-icon.pdf */ = {isa = PBXFileReference; lastKnownFileType = image.pdf; path = "svg-icon.pdf"; sourceTree = "<group>"; };
		CC3C930E1C2C36AF00C17DD0 /* video-icon.pdf */ = {isa = PBXFileReference; lastKnownFileType = image.pdf; path = "video-icon.pdf"; sourceTree = "<group>"; };
		CC41AC901C114DA1004D2963 /* launch-logo.pdf */ = {isa = PBXFileReference; lastKnownFileType = image.pdf; path = "launch-logo.pdf"; sourceTree = "<group>"; };
		CC4D07951BD85D5400A52613 /* MovePix.app */ = {isa = PBXFileReference; explicitFileType = wrapper.application; includeInIndex = 0; path = MovePix.app; sourceTree = BUILT_PRODUCTS_DIR; };
		CC4D07991BD85D5400A52613 /* main.m */ = {isa = PBXFileReference; lastKnownFileType = sourcecode.c.objc; path = main.m; sourceTree = "<group>"; };
		CC4D079B1BD85D5400A52613 /* AppDelegate.h */ = {isa = PBXFileReference; lastKnownFileType = sourcecode.c.h; path = AppDelegate.h; sourceTree = "<group>"; };
		CC4D079C1BD85D5400A52613 /* AppDelegate.m */ = {isa = PBXFileReference; lastKnownFileType = sourcecode.c.objc; path = AppDelegate.m; sourceTree = "<group>"; };
		CC4D079E1BD85D5400A52613 /* MainViewController.h */ = {isa = PBXFileReference; lastKnownFileType = sourcecode.c.h; path = MainViewController.h; sourceTree = "<group>"; };
		CC4D079F1BD85D5400A52613 /* MainViewController.m */ = {isa = PBXFileReference; lastKnownFileType = sourcecode.c.objc; path = MainViewController.m; sourceTree = "<group>"; };
		CC4D07A21BD85D5400A52613 /* Base */ = {isa = PBXFileReference; lastKnownFileType = file.storyboard; name = Base; path = Base.lproj/Main.storyboard; sourceTree = "<group>"; };
		CC4D07A41BD85D5400A52613 /* Assets.xcassets */ = {isa = PBXFileReference; lastKnownFileType = folder.assetcatalog; path = Assets.xcassets; sourceTree = "<group>"; };
		CC4D07A71BD85D5400A52613 /* Base */ = {isa = PBXFileReference; lastKnownFileType = file.storyboard; name = Base; path = Base.lproj/LaunchScreen.storyboard; sourceTree = "<group>"; };
		CC4D07A91BD85D5400A52613 /* Info.plist */ = {isa = PBXFileReference; lastKnownFileType = text.plist.xml; path = Info.plist; sourceTree = "<group>"; };
		CC4D07AF1BD85F3400A52613 /* DrawView.h */ = {isa = PBXFileReference; fileEncoding = 4; lastKnownFileType = sourcecode.c.h; path = DrawView.h; sourceTree = "<group>"; };
		CC4D07B01BD85F3400A52613 /* DrawView.m */ = {isa = PBXFileReference; fileEncoding = 4; lastKnownFileType = sourcecode.c.objc; path = DrawView.m; sourceTree = "<group>"; };
		CC4D43CE1BEFE8B4000B0209 /* crypt.h */ = {isa = PBXFileReference; fileEncoding = 4; lastKnownFileType = sourcecode.c.h; path = crypt.h; sourceTree = "<group>"; };
		CC4D43CF1BEFE8B4000B0209 /* ioapi.c */ = {isa = PBXFileReference; fileEncoding = 4; lastKnownFileType = sourcecode.c.c; path = ioapi.c; sourceTree = "<group>"; };
		CC4D43D01BEFE8B4000B0209 /* ioapi.h */ = {isa = PBXFileReference; fileEncoding = 4; lastKnownFileType = sourcecode.c.h; path = ioapi.h; sourceTree = "<group>"; };
		CC4D43D11BEFE8B4000B0209 /* unzip.c */ = {isa = PBXFileReference; fileEncoding = 4; lastKnownFileType = sourcecode.c.c; path = unzip.c; sourceTree = "<group>"; };
		CC4D43D21BEFE8B4000B0209 /* unzip.h */ = {isa = PBXFileReference; fileEncoding = 4; lastKnownFileType = sourcecode.c.h; path = unzip.h; sourceTree = "<group>"; };
		CC4D43D31BEFE8B4000B0209 /* zip.c */ = {isa = PBXFileReference; fileEncoding = 4; lastKnownFileType = sourcecode.c.c; path = zip.c; sourceTree = "<group>"; };
		CC4D43D41BEFE8B4000B0209 /* zip.h */ = {isa = PBXFileReference; fileEncoding = 4; lastKnownFileType = sourcecode.c.h; path = zip.h; sourceTree = "<group>"; };
		CC4D43D61BEFE8B4000B0209 /* Objective-Zip+NSError.h */ = {isa = PBXFileReference; fileEncoding = 4; lastKnownFileType = sourcecode.c.h; path = "Objective-Zip+NSError.h"; sourceTree = "<group>"; };
		CC4D43D71BEFE8B4000B0209 /* Objective-Zip.h */ = {isa = PBXFileReference; fileEncoding = 4; lastKnownFileType = sourcecode.c.h; path = "Objective-Zip.h"; sourceTree = "<group>"; };
		CC4D43D81BEFE8B4000B0209 /* OZFileInZipInfo+Internals.h */ = {isa = PBXFileReference; fileEncoding = 4; lastKnownFileType = sourcecode.c.h; path = "OZFileInZipInfo+Internals.h"; sourceTree = "<group>"; };
		CC4D43D91BEFE8B4000B0209 /* OZFileInZipInfo.h */ = {isa = PBXFileReference; fileEncoding = 4; lastKnownFileType = sourcecode.c.h; path = OZFileInZipInfo.h; sourceTree = "<group>"; };
		CC4D43DA1BEFE8B4000B0209 /* OZFileInZipInfo.m */ = {isa = PBXFileReference; fileEncoding = 4; lastKnownFileType = sourcecode.c.objc; path = OZFileInZipInfo.m; sourceTree = "<group>"; };
		CC4D43DB1BEFE8B4000B0209 /* OZZipCompressionLevel.h */ = {isa = PBXFileReference; fileEncoding = 4; lastKnownFileType = sourcecode.c.h; path = OZZipCompressionLevel.h; sourceTree = "<group>"; };
		CC4D43DC1BEFE8B4000B0209 /* OZZipException+Internals.h */ = {isa = PBXFileReference; fileEncoding = 4; lastKnownFileType = sourcecode.c.h; path = "OZZipException+Internals.h"; sourceTree = "<group>"; };
		CC4D43DD1BEFE8B4000B0209 /* OZZipException.h */ = {isa = PBXFileReference; fileEncoding = 4; lastKnownFileType = sourcecode.c.h; path = OZZipException.h; sourceTree = "<group>"; };
		CC4D43DE1BEFE8B4000B0209 /* OZZipException.m */ = {isa = PBXFileReference; fileEncoding = 4; lastKnownFileType = sourcecode.c.objc; path = OZZipException.m; sourceTree = "<group>"; };
		CC4D43DF1BEFE8B4000B0209 /* OZZipFile+NSError.h */ = {isa = PBXFileReference; fileEncoding = 4; lastKnownFileType = sourcecode.c.h; path = "OZZipFile+NSError.h"; sourceTree = "<group>"; };
		CC4D43E01BEFE8B4000B0209 /* OZZipFile+Standard.h */ = {isa = PBXFileReference; fileEncoding = 4; lastKnownFileType = sourcecode.c.h; path = "OZZipFile+Standard.h"; sourceTree = "<group>"; };
		CC4D43E11BEFE8B4000B0209 /* OZZipFile.h */ = {isa = PBXFileReference; fileEncoding = 4; lastKnownFileType = sourcecode.c.h; path = OZZipFile.h; sourceTree = "<group>"; };
		CC4D43E21BEFE8B4000B0209 /* OZZipFile.m */ = {isa = PBXFileReference; fileEncoding = 4; lastKnownFileType = sourcecode.c.objc; path = OZZipFile.m; sourceTree = "<group>"; };
		CC4D43E31BEFE8B4000B0209 /* OZZipFileMode.h */ = {isa = PBXFileReference; fileEncoding = 4; lastKnownFileType = sourcecode.c.h; path = OZZipFileMode.h; sourceTree = "<group>"; };
		CC4D43E41BEFE8B4000B0209 /* OZZipReadStream+Internals.h */ = {isa = PBXFileReference; fileEncoding = 4; lastKnownFileType = sourcecode.c.h; path = "OZZipReadStream+Internals.h"; sourceTree = "<group>"; };
		CC4D43E51BEFE8B4000B0209 /* OZZipReadStream+NSError.h */ = {isa = PBXFileReference; fileEncoding = 4; lastKnownFileType = sourcecode.c.h; path = "OZZipReadStream+NSError.h"; sourceTree = "<group>"; };
		CC4D43E61BEFE8B4000B0209 /* OZZipReadStream+Standard.h */ = {isa = PBXFileReference; fileEncoding = 4; lastKnownFileType = sourcecode.c.h; path = "OZZipReadStream+Standard.h"; sourceTree = "<group>"; };
		CC4D43E71BEFE8B4000B0209 /* OZZipReadStream.h */ = {isa = PBXFileReference; fileEncoding = 4; lastKnownFileType = sourcecode.c.h; path = OZZipReadStream.h; sourceTree = "<group>"; };
		CC4D43E81BEFE8B4000B0209 /* OZZipReadStream.m */ = {isa = PBXFileReference; fileEncoding = 4; lastKnownFileType = sourcecode.c.objc; path = OZZipReadStream.m; sourceTree = "<group>"; };
		CC4D43E91BEFE8B4000B0209 /* OZZipWriteStream+Internals.h */ = {isa = PBXFileReference; fileEncoding = 4; lastKnownFileType = sourcecode.c.h; path = "OZZipWriteStream+Internals.h"; sourceTree = "<group>"; };
		CC4D43EA1BEFE8B4000B0209 /* OZZipWriteStream+NSError.h */ = {isa = PBXFileReference; fileEncoding = 4; lastKnownFileType = sourcecode.c.h; path = "OZZipWriteStream+NSError.h"; sourceTree = "<group>"; };
		CC4D43EB1BEFE8B4000B0209 /* OZZipWriteStream+Standard.h */ = {isa = PBXFileReference; fileEncoding = 4; lastKnownFileType = sourcecode.c.h; path = "OZZipWriteStream+Standard.h"; sourceTree = "<group>"; };
		CC4D43EC1BEFE8B4000B0209 /* OZZipWriteStream.h */ = {isa = PBXFileReference; fileEncoding = 4; lastKnownFileType = sourcecode.c.h; path = OZZipWriteStream.h; sourceTree = "<group>"; };
		CC4D43ED1BEFE8B4000B0209 /* OZZipWriteStream.m */ = {isa = PBXFileReference; fileEncoding = 4; lastKnownFileType = sourcecode.c.objc; path = OZZipWriteStream.m; sourceTree = "<group>"; };
		CC4D43EF1BEFE8B4000B0209 /* adler32.c */ = {isa = PBXFileReference; fileEncoding = 4; lastKnownFileType = sourcecode.c.c; path = adler32.c; sourceTree = "<group>"; };
		CC4D43F01BEFE8B4000B0209 /* compress.c */ = {isa = PBXFileReference; fileEncoding = 4; lastKnownFileType = sourcecode.c.c; path = compress.c; sourceTree = "<group>"; };
		CC4D43F11BEFE8B4000B0209 /* crc32.c */ = {isa = PBXFileReference; fileEncoding = 4; lastKnownFileType = sourcecode.c.c; path = crc32.c; sourceTree = "<group>"; };
		CC4D43F21BEFE8B4000B0209 /* crc32.h */ = {isa = PBXFileReference; fileEncoding = 4; lastKnownFileType = sourcecode.c.h; path = crc32.h; sourceTree = "<group>"; };
		CC4D43F31BEFE8B4000B0209 /* deflate.c */ = {isa = PBXFileReference; fileEncoding = 4; lastKnownFileType = sourcecode.c.c; path = deflate.c; sourceTree = "<group>"; };
		CC4D43F41BEFE8B4000B0209 /* deflate.h */ = {isa = PBXFileReference; fileEncoding = 4; lastKnownFileType = sourcecode.c.h; path = deflate.h; sourceTree = "<group>"; };
		CC4D43F51BEFE8B4000B0209 /* gzclose.c */ = {isa = PBXFileReference; fileEncoding = 4; lastKnownFileType = sourcecode.c.c; path = gzclose.c; sourceTree = "<group>"; };
		CC4D43F61BEFE8B4000B0209 /* gzguts.h */ = {isa = PBXFileReference; fileEncoding = 4; lastKnownFileType = sourcecode.c.h; path = gzguts.h; sourceTree = "<group>"; };
		CC4D43F71BEFE8B4000B0209 /* gzlib.c */ = {isa = PBXFileReference; fileEncoding = 4; lastKnownFileType = sourcecode.c.c; path = gzlib.c; sourceTree = "<group>"; };
		CC4D43F81BEFE8B4000B0209 /* gzread.c */ = {isa = PBXFileReference; fileEncoding = 4; lastKnownFileType = sourcecode.c.c; path = gzread.c; sourceTree = "<group>"; };
		CC4D43F91BEFE8B4000B0209 /* gzwrite.c */ = {isa = PBXFileReference; fileEncoding = 4; lastKnownFileType = sourcecode.c.c; path = gzwrite.c; sourceTree = "<group>"; };
		CC4D43FA1BEFE8B4000B0209 /* infback.c */ = {isa = PBXFileReference; fileEncoding = 4; lastKnownFileType = sourcecode.c.c; path = infback.c; sourceTree = "<group>"; };
		CC4D43FB1BEFE8B4000B0209 /* inffast.c */ = {isa = PBXFileReference; fileEncoding = 4; lastKnownFileType = sourcecode.c.c; path = inffast.c; sourceTree = "<group>"; };
		CC4D43FC1BEFE8B4000B0209 /* inffast.h */ = {isa = PBXFileReference; fileEncoding = 4; lastKnownFileType = sourcecode.c.h; path = inffast.h; sourceTree = "<group>"; };
		CC4D43FD1BEFE8B4000B0209 /* inffixed.h */ = {isa = PBXFileReference; fileEncoding = 4; lastKnownFileType = sourcecode.c.h; path = inffixed.h; sourceTree = "<group>"; };
		CC4D43FE1BEFE8B4000B0209 /* inflate.c */ = {isa = PBXFileReference; fileEncoding = 4; lastKnownFileType = sourcecode.c.c; path = inflate.c; sourceTree = "<group>"; };
		CC4D43FF1BEFE8B4000B0209 /* inflate.h */ = {isa = PBXFileReference; fileEncoding = 4; lastKnownFileType = sourcecode.c.h; path = inflate.h; sourceTree = "<group>"; };
		CC4D44001BEFE8B4000B0209 /* inftrees.c */ = {isa = PBXFileReference; fileEncoding = 4; lastKnownFileType = sourcecode.c.c; path = inftrees.c; sourceTree = "<group>"; };
		CC4D44011BEFE8B4000B0209 /* inftrees.h */ = {isa = PBXFileReference; fileEncoding = 4; lastKnownFileType = sourcecode.c.h; path = inftrees.h; sourceTree = "<group>"; };
		CC4D44021BEFE8B4000B0209 /* trees.c */ = {isa = PBXFileReference; fileEncoding = 4; lastKnownFileType = sourcecode.c.c; path = trees.c; sourceTree = "<group>"; };
		CC4D44031BEFE8B4000B0209 /* trees.h */ = {isa = PBXFileReference; fileEncoding = 4; lastKnownFileType = sourcecode.c.h; path = trees.h; sourceTree = "<group>"; };
		CC4D44041BEFE8B4000B0209 /* uncompr.c */ = {isa = PBXFileReference; fileEncoding = 4; lastKnownFileType = sourcecode.c.c; path = uncompr.c; sourceTree = "<group>"; };
		CC4D44051BEFE8B4000B0209 /* zconf.h */ = {isa = PBXFileReference; fileEncoding = 4; lastKnownFileType = sourcecode.c.h; path = zconf.h; sourceTree = "<group>"; };
		CC4D44061BEFE8B4000B0209 /* zlib.h */ = {isa = PBXFileReference; fileEncoding = 4; lastKnownFileType = sourcecode.c.h; path = zlib.h; sourceTree = "<group>"; };
		CC4D44071BEFE8B4000B0209 /* zutil.c */ = {isa = PBXFileReference; fileEncoding = 4; lastKnownFileType = sourcecode.c.c; path = zutil.c; sourceTree = "<group>"; };
		CC4D44081BEFE8B4000B0209 /* zutil.h */ = {isa = PBXFileReference; fileEncoding = 4; lastKnownFileType = sourcecode.c.h; path = zutil.h; sourceTree = "<group>"; };
		CC4D44201BF00558000B0209 /* SVGExportActivityItemProvider.h */ = {isa = PBXFileReference; fileEncoding = 4; lastKnownFileType = sourcecode.c.h; path = SVGExportActivityItemProvider.h; sourceTree = "<group>"; };
		CC4D44211BF00558000B0209 /* SVGExportActivityItemProvider.m */ = {isa = PBXFileReference; fileEncoding = 4; lastKnownFileType = sourcecode.c.objc; path = SVGExportActivityItemProvider.m; sourceTree = "<group>"; };
		CC4EFDE81C7435CB00B237DA /* bitpix-move-80.png */ = {isa = PBXFileReference; lastKnownFileType = image.png; path = "bitpix-move-80.png"; sourceTree = "<group>"; };
		CC4FCC231C2F585000B973EF /* LXReorderableCollectionViewFlowLayout.h */ = {isa = PBXFileReference; fileEncoding = 4; lastKnownFileType = sourcecode.c.h; path = LXReorderableCollectionViewFlowLayout.h; sourceTree = "<group>"; };
		CC4FCC241C2F585000B973EF /* LXReorderableCollectionViewFlowLayout.m */ = {isa = PBXFileReference; fileEncoding = 4; lastKnownFileType = sourcecode.c.objc; path = LXReorderableCollectionViewFlowLayout.m; sourceTree = "<group>"; };
		CC4FCC261C2F5A4000B973EF /* FrameCell.h */ = {isa = PBXFileReference; fileEncoding = 4; lastKnownFileType = sourcecode.c.h; path = FrameCell.h; sourceTree = "<group>"; };
		CC4FCC271C2F5A4000B973EF /* FrameCell.m */ = {isa = PBXFileReference; fileEncoding = 4; lastKnownFileType = sourcecode.c.objc; path = FrameCell.m; sourceTree = "<group>"; };
		CC96A21C1C0D2BE500DADB79 /* CEMovieMaker.h */ = {isa = PBXFileReference; fileEncoding = 4; lastKnownFileType = sourcecode.c.h; path = CEMovieMaker.h; sourceTree = "<group>"; };
		CC96A21D1C0D2BE500DADB79 /* CEMovieMaker.m */ = {isa = PBXFileReference; fileEncoding = 4; lastKnownFileType = sourcecode.c.objc; path = CEMovieMaker.m; sourceTree = "<group>"; };
		CC96A2261C0E9AA100DADB79 /* DMActivityInstagram.h */ = {isa = PBXFileReference; fileEncoding = 4; lastKnownFileType = sourcecode.c.h; path = DMActivityInstagram.h; sourceTree = "<group>"; };
		CC96A2271C0E9AA100DADB79 /* DMActivityInstagram.m */ = {isa = PBXFileReference; fileEncoding = 4; lastKnownFileType = sourcecode.c.objc; path = DMActivityInstagram.m; sourceTree = "<group>"; };
		CC96A2281C0E9AA100DADB79 /* instagram.png */ = {isa = PBXFileReference; lastKnownFileType = image.png; path = instagram.png; sourceTree = "<group>"; };
		CC96A2291C0E9AA100DADB79 /* instagram@2x.png */ = {isa = PBXFileReference; lastKnownFileType = image.png; path = "instagram@2x.png"; sourceTree = "<group>"; };
		CC96A22A1C0E9AA100DADB79 /* instagram~ipad.png */ = {isa = PBXFileReference; lastKnownFileType = image.png; path = "instagram~ipad.png"; sourceTree = "<group>"; };
		CC96A22B1C0E9AA100DADB79 /* instagram~ipad@2x.png */ = {isa = PBXFileReference; lastKnownFileType = image.png; path = "instagram~ipad@2x.png"; sourceTree = "<group>"; };
		CCBF5ADA1C6FDFC20068E71E /* MovePix.app */ = {isa = PBXFileReference; explicitFileType = wrapper.application; includeInIndex = 0; path = MovePix.app; sourceTree = BUILT_PRODUCTS_DIR; };
		CCBF5ADD1C6FDFC30068E71E /* Base */ = {isa = PBXFileReference; lastKnownFileType = file.storyboard; name = Base; path = Base.lproj/Interface.storyboard; sourceTree = "<group>"; };
		CCBF5ADF1C6FDFC30068E71E /* Assets.xcassets */ = {isa = PBXFileReference; lastKnownFileType = folder.assetcatalog; path = Assets.xcassets; sourceTree = "<group>"; };
		CCBF5AE11C6FDFC30068E71E /* Info.plist */ = {isa = PBXFileReference; lastKnownFileType = text.plist.xml; path = Info.plist; sourceTree = "<group>"; };
		CCBF5AE61C6FDFC30068E71E /* MovePix Extension.appex */ = {isa = PBXFileReference; explicitFileType = "wrapper.app-extension"; includeInIndex = 0; path = "MovePix Extension.appex"; sourceTree = BUILT_PRODUCTS_DIR; };
		CCBF5AEC1C6FDFC30068E71E /* PushNotificationPayload.apns */ = {isa = PBXFileReference; lastKnownFileType = text; path = PushNotificationPayload.apns; sourceTree = "<group>"; };
		CCBF5AEF1C6FDFC30068E71E /* ExtensionDelegate.swift */ = {isa = PBXFileReference; lastKnownFileType = sourcecode.swift; path = ExtensionDelegate.swift; sourceTree = "<group>"; };
		CCBF5AF11C6FDFC30068E71E /* NotificationController.swift */ = {isa = PBXFileReference; lastKnownFileType = sourcecode.swift; path = NotificationController.swift; sourceTree = "<group>"; };
		CCBF5AF31C6FDFC30068E71E /* Assets.xcassets */ = {isa = PBXFileReference; lastKnownFileType = folder.assetcatalog; path = Assets.xcassets; sourceTree = "<group>"; };
		CCBF5AF51C6FDFC30068E71E /* Info.plist */ = {isa = PBXFileReference; lastKnownFileType = text.plist.xml; path = Info.plist; sourceTree = "<group>"; };
		CCBF5B051C6FF61E0068E71E /* AnimationInterfaceController.swift */ = {isa = PBXFileReference; fileEncoding = 4; lastKnownFileType = sourcecode.swift; path = AnimationInterfaceController.swift; sourceTree = "<group>"; };
		CCBF5B0A1C6FF93F0068E71E /* Animation.swift */ = {isa = PBXFileReference; fileEncoding = 4; lastKnownFileType = sourcecode.swift; path = Animation.swift; sourceTree = "<group>"; };
		CCBF5B101C701A2A0068E71E /* bitpix-move-Bridging-Header.h */ = {isa = PBXFileReference; lastKnownFileType = sourcecode.c.h; path = "bitpix-move-Bridging-Header.h"; sourceTree = "<group>"; };
		CCBF5B111C70408D0068E71E /* WatchConnectivity.framework */ = {isa = PBXFileReference; lastKnownFileType = wrapper.framework; name = WatchConnectivity.framework; path = System/Library/Frameworks/WatchConnectivity.framework; sourceTree = SDKROOT; };
		CCF3F9741BDC59F80019059B /* DrawViewAnimator.h */ = {isa = PBXFileReference; fileEncoding = 4; lastKnownFileType = sourcecode.c.h; path = DrawViewAnimator.h; sourceTree = "<group>"; };
		CCF3F9751BDC59F80019059B /* DrawViewAnimator.m */ = {isa = PBXFileReference; fileEncoding = 4; lastKnownFileType = sourcecode.c.objc; path = DrawViewAnimator.m; sourceTree = "<group>"; };
		CCF3F9771BDC5E6E0019059B /* GridViewController.h */ = {isa = PBXFileReference; fileEncoding = 4; lastKnownFileType = sourcecode.c.h; path = GridViewController.h; sourceTree = "<group>"; };
		CCF3F9781BDC5E6E0019059B /* GridViewController.m */ = {isa = PBXFileReference; fileEncoding = 4; lastKnownFileType = sourcecode.c.objc; path = GridViewController.m; sourceTree = "<group>"; };
		CCF3F97A1BDC60850019059B /* UserData.h */ = {isa = PBXFileReference; fileEncoding = 4; lastKnownFileType = sourcecode.c.h; path = UserData.h; sourceTree = "<group>"; };
		CCF3F97B1BDC60850019059B /* UserData.m */ = {isa = PBXFileReference; fileEncoding = 4; lastKnownFileType = sourcecode.c.objc; path = UserData.m; sourceTree = "<group>"; };
		CCF3F9801BDC61EC0019059B /* Data.plist */ = {isa = PBXFileReference; fileEncoding = 4; lastKnownFileType = text.plist.xml; path = Data.plist; sourceTree = "<group>"; };
		CCF9A4901BEE549700B5B670 /* InfoViewController.h */ = {isa = PBXFileReference; fileEncoding = 4; lastKnownFileType = sourcecode.c.h; path = InfoViewController.h; sourceTree = "<group>"; };
		CCF9A4911BEE549700B5B670 /* InfoViewController.m */ = {isa = PBXFileReference; fileEncoding = 4; lastKnownFileType = sourcecode.c.objc; path = InfoViewController.m; sourceTree = "<group>"; };
		CCFB14F91BDDAD2300D513D3 /* ThumbnailCell.h */ = {isa = PBXFileReference; fileEncoding = 4; lastKnownFileType = sourcecode.c.h; path = ThumbnailCell.h; sourceTree = "<group>"; };
		CCFB14FA1BDDAD2300D513D3 /* ThumbnailCell.m */ = {isa = PBXFileReference; fileEncoding = 4; lastKnownFileType = sourcecode.c.objc; path = ThumbnailCell.m; sourceTree = "<group>"; };
		CCFB14FC1BDDAF2800D513D3 /* ThumbnailView.h */ = {isa = PBXFileReference; fileEncoding = 4; lastKnownFileType = sourcecode.c.h; path = ThumbnailView.h; sourceTree = "<group>"; };
		CCFB14FD1BDDAF2800D513D3 /* ThumbnailView.m */ = {isa = PBXFileReference; fileEncoding = 4; lastKnownFileType = sourcecode.c.objc; path = ThumbnailView.m; sourceTree = "<group>"; };
/* End PBXFileReference section */

/* Begin PBXFrameworksBuildPhase section */
		CC4D07921BD85D5400A52613 /* Frameworks */ = {
			isa = PBXFrameworksBuildPhase;
			buildActionMask = 2147483647;
			files = (
				CCBF5B121C70408D0068E71E /* WatchConnectivity.framework in Frameworks */,
			);
			runOnlyForDeploymentPostprocessing = 0;
		};
		CCBF5AE31C6FDFC30068E71E /* Frameworks */ = {
			isa = PBXFrameworksBuildPhase;
			buildActionMask = 2147483647;
			files = (
			);
			runOnlyForDeploymentPostprocessing = 0;
		};
/* End PBXFrameworksBuildPhase section */

/* Begin PBXGroup section */
		CC41AC891C114603004D2963 /* XIBs */ = {
			isa = PBXGroup;
			children = (
				CC4D07A11BD85D5400A52613 /* Main.storyboard */,
				CC4D07A41BD85D5400A52613 /* Assets.xcassets */,
				CC4D07A61BD85D5400A52613 /* LaunchScreen.storyboard */,
				CC139DE71BDC353100BF0A5B /* Images.xcassets */,
			);
			name = XIBs;
			sourceTree = "<group>";
		};
		CC4D078C1BD85D5400A52613 = {
			isa = PBXGroup;
			children = (
				CCBF5B111C70408D0068E71E /* WatchConnectivity.framework */,
				CC4FCC221C2F585000B973EF /* LXReorderableCollectionViewFlowLayout */,
				CC96A2251C0E9AA100DADB79 /* DMActivityInstagram */,
				CC96A21B1C0D2BE500DADB79 /* CEMovieMaker */,
				CC4D43CC1BEFE679000B0209 /* Objective-Zip */,
				CC4D07971BD85D5400A52613 /* MovePix */,
				CCBF5ADB1C6FDFC30068E71E /* Watch */,
				CCBF5AEA1C6FDFC30068E71E /* Watch Extension */,
				CC4D07961BD85D5400A52613 /* Products */,
			);
			sourceTree = "<group>";
		};
		CC4D07961BD85D5400A52613 /* Products */ = {
			isa = PBXGroup;
			children = (
				CC4D07951BD85D5400A52613 /* MovePix.app */,
				CCBF5ADA1C6FDFC20068E71E /* MovePix.app */,
				CCBF5AE61C6FDFC30068E71E /* MovePix Extension.appex */,
			);
			name = Products;
			sourceTree = "<group>";
		};
		CC4D07971BD85D5400A52613 /* MovePix */ = {
			isa = PBXGroup;
			children = (
				CCBF5B091C6FF9300068E71E /* Shared */,
				CC4D44291BF00CFA000B0209 /* Classes */,
				CCF3F97D1BDC61880019059B /* Visual assets */,
				CC41AC891C114603004D2963 /* XIBs */,
				CC4D07981BD85D5400A52613 /* Supporting Files */,
			);
			name = MovePix;
			path = "bitpix-move";
			sourceTree = "<group>";
		};
		CC4D07981BD85D5400A52613 /* Supporting Files */ = {
			isa = PBXGroup;
			children = (
				CC1D326A1BDDA14C002E9294 /* Config.h */,
				CC4D07A91BD85D5400A52613 /* Info.plist */,
				CC4D07991BD85D5400A52613 /* main.m */,
				CCF3F9801BDC61EC0019059B /* Data.plist */,
				CCBF5B101C701A2A0068E71E /* bitpix-move-Bridging-Header.h */,
			);
			name = "Supporting Files";
			sourceTree = "<group>";
		};
		CC4D43CC1BEFE679000B0209 /* Objective-Zip */ = {
			isa = PBXGroup;
			children = (
				CC4D43CD1BEFE8B4000B0209 /* MiniZip */,
				CC4D43D51BEFE8B4000B0209 /* Objective-Zip */,
				CC4D43EE1BEFE8B4000B0209 /* ZLib */,
			);
			name = "Objective-Zip";
			sourceTree = "<group>";
		};
		CC4D43CD1BEFE8B4000B0209 /* MiniZip */ = {
			isa = PBXGroup;
			children = (
				CC4D43CE1BEFE8B4000B0209 /* crypt.h */,
				CC4D43CF1BEFE8B4000B0209 /* ioapi.c */,
				CC4D43D01BEFE8B4000B0209 /* ioapi.h */,
				CC4D43D11BEFE8B4000B0209 /* unzip.c */,
				CC4D43D21BEFE8B4000B0209 /* unzip.h */,
				CC4D43D31BEFE8B4000B0209 /* zip.c */,
				CC4D43D41BEFE8B4000B0209 /* zip.h */,
			);
			path = MiniZip;
			sourceTree = "<group>";
		};
		CC4D43D51BEFE8B4000B0209 /* Objective-Zip */ = {
			isa = PBXGroup;
			children = (
				CC4D43D61BEFE8B4000B0209 /* Objective-Zip+NSError.h */,
				CC4D43D71BEFE8B4000B0209 /* Objective-Zip.h */,
				CC4D43D81BEFE8B4000B0209 /* OZFileInZipInfo+Internals.h */,
				CC4D43D91BEFE8B4000B0209 /* OZFileInZipInfo.h */,
				CC4D43DA1BEFE8B4000B0209 /* OZFileInZipInfo.m */,
				CC4D43DB1BEFE8B4000B0209 /* OZZipCompressionLevel.h */,
				CC4D43DC1BEFE8B4000B0209 /* OZZipException+Internals.h */,
				CC4D43DD1BEFE8B4000B0209 /* OZZipException.h */,
				CC4D43DE1BEFE8B4000B0209 /* OZZipException.m */,
				CC4D43DF1BEFE8B4000B0209 /* OZZipFile+NSError.h */,
				CC4D43E01BEFE8B4000B0209 /* OZZipFile+Standard.h */,
				CC4D43E11BEFE8B4000B0209 /* OZZipFile.h */,
				CC4D43E21BEFE8B4000B0209 /* OZZipFile.m */,
				CC4D43E31BEFE8B4000B0209 /* OZZipFileMode.h */,
				CC4D43E41BEFE8B4000B0209 /* OZZipReadStream+Internals.h */,
				CC4D43E51BEFE8B4000B0209 /* OZZipReadStream+NSError.h */,
				CC4D43E61BEFE8B4000B0209 /* OZZipReadStream+Standard.h */,
				CC4D43E71BEFE8B4000B0209 /* OZZipReadStream.h */,
				CC4D43E81BEFE8B4000B0209 /* OZZipReadStream.m */,
				CC4D43E91BEFE8B4000B0209 /* OZZipWriteStream+Internals.h */,
				CC4D43EA1BEFE8B4000B0209 /* OZZipWriteStream+NSError.h */,
				CC4D43EB1BEFE8B4000B0209 /* OZZipWriteStream+Standard.h */,
				CC4D43EC1BEFE8B4000B0209 /* OZZipWriteStream.h */,
				CC4D43ED1BEFE8B4000B0209 /* OZZipWriteStream.m */,
			);
			path = "Objective-Zip";
			sourceTree = "<group>";
		};
		CC4D43EE1BEFE8B4000B0209 /* ZLib */ = {
			isa = PBXGroup;
			children = (
				CC4D43EF1BEFE8B4000B0209 /* adler32.c */,
				CC4D43F01BEFE8B4000B0209 /* compress.c */,
				CC4D43F11BEFE8B4000B0209 /* crc32.c */,
				CC4D43F21BEFE8B4000B0209 /* crc32.h */,
				CC4D43F31BEFE8B4000B0209 /* deflate.c */,
				CC4D43F41BEFE8B4000B0209 /* deflate.h */,
				CC4D43F51BEFE8B4000B0209 /* gzclose.c */,
				CC4D43F61BEFE8B4000B0209 /* gzguts.h */,
				CC4D43F71BEFE8B4000B0209 /* gzlib.c */,
				CC4D43F81BEFE8B4000B0209 /* gzread.c */,
				CC4D43F91BEFE8B4000B0209 /* gzwrite.c */,
				CC4D43FA1BEFE8B4000B0209 /* infback.c */,
				CC4D43FB1BEFE8B4000B0209 /* inffast.c */,
				CC4D43FC1BEFE8B4000B0209 /* inffast.h */,
				CC4D43FD1BEFE8B4000B0209 /* inffixed.h */,
				CC4D43FE1BEFE8B4000B0209 /* inflate.c */,
				CC4D43FF1BEFE8B4000B0209 /* inflate.h */,
				CC4D44001BEFE8B4000B0209 /* inftrees.c */,
				CC4D44011BEFE8B4000B0209 /* inftrees.h */,
				CC4D44021BEFE8B4000B0209 /* trees.c */,
				CC4D44031BEFE8B4000B0209 /* trees.h */,
				CC4D44041BEFE8B4000B0209 /* uncompr.c */,
				CC4D44051BEFE8B4000B0209 /* zconf.h */,
				CC4D44061BEFE8B4000B0209 /* zlib.h */,
				CC4D44071BEFE8B4000B0209 /* zutil.c */,
				CC4D44081BEFE8B4000B0209 /* zutil.h */,
			);
			path = ZLib;
			sourceTree = "<group>";
		};
		CC4D44291BF00CFA000B0209 /* Classes */ = {
			isa = PBXGroup;
			children = (
				CC1D32671BDD9D6D002E9294 /* UIImageXtras.h */,
				CC1D32681BDD9D6D002E9294 /* UIImageXtras.m */,
				CC4D079B1BD85D5400A52613 /* AppDelegate.h */,
				CC4D079C1BD85D5400A52613 /* AppDelegate.m */,
				CCF9A4901BEE549700B5B670 /* InfoViewController.h */,
				CCF9A4911BEE549700B5B670 /* InfoViewController.m */,
				CC4D079E1BD85D5400A52613 /* MainViewController.h */,
				CC4D079F1BD85D5400A52613 /* MainViewController.m */,
				CCF3F9771BDC5E6E0019059B /* GridViewController.h */,
				CCF3F9781BDC5E6E0019059B /* GridViewController.m */,
				CCFB14F91BDDAD2300D513D3 /* ThumbnailCell.h */,
				CCFB14FA1BDDAD2300D513D3 /* ThumbnailCell.m */,
				CCFB14FC1BDDAF2800D513D3 /* ThumbnailView.h */,
				CCFB14FD1BDDAF2800D513D3 /* ThumbnailView.m */,
				CCF3F97A1BDC60850019059B /* UserData.h */,
				CCF3F97B1BDC60850019059B /* UserData.m */,
				CC4D07AF1BD85F3400A52613 /* DrawView.h */,
				CC4D07B01BD85F3400A52613 /* DrawView.m */,
				CCF3F9741BDC59F80019059B /* DrawViewAnimator.h */,
				CCF3F9751BDC59F80019059B /* DrawViewAnimator.m */,
				CC4D44201BF00558000B0209 /* SVGExportActivityItemProvider.h */,
				CC4D44211BF00558000B0209 /* SVGExportActivityItemProvider.m */,
				CC4FCC261C2F5A4000B973EF /* FrameCell.h */,
				CC4FCC271C2F5A4000B973EF /* FrameCell.m */,
			);
			name = Classes;
			sourceTree = "<group>";
		};
		CC4FCC221C2F585000B973EF /* LXReorderableCollectionViewFlowLayout */ = {
			isa = PBXGroup;
			children = (
				CC4FCC231C2F585000B973EF /* LXReorderableCollectionViewFlowLayout.h */,
				CC4FCC241C2F585000B973EF /* LXReorderableCollectionViewFlowLayout.m */,
			);
			path = LXReorderableCollectionViewFlowLayout;
			sourceTree = "<group>";
		};
		CC96A21B1C0D2BE500DADB79 /* CEMovieMaker */ = {
			isa = PBXGroup;
			children = (
				CC96A21C1C0D2BE500DADB79 /* CEMovieMaker.h */,
				CC96A21D1C0D2BE500DADB79 /* CEMovieMaker.m */,
			);
			path = CEMovieMaker;
			sourceTree = "<group>";
		};
		CC96A2251C0E9AA100DADB79 /* DMActivityInstagram */ = {
			isa = PBXGroup;
			children = (
				CC96A2261C0E9AA100DADB79 /* DMActivityInstagram.h */,
				CC96A2271C0E9AA100DADB79 /* DMActivityInstagram.m */,
				CC96A2281C0E9AA100DADB79 /* instagram.png */,
				CC96A2291C0E9AA100DADB79 /* instagram@2x.png */,
				CC96A22A1C0E9AA100DADB79 /* instagram~ipad.png */,
				CC96A22B1C0E9AA100DADB79 /* instagram~ipad@2x.png */,
			);
			path = DMActivityInstagram;
			sourceTree = "<group>";
		};
		CCBF5ADB1C6FDFC30068E71E /* Watch */ = {
			isa = PBXGroup;
			children = (
				CC4EFDE81C7435CB00B237DA /* bitpix-move-80.png */,
				CCBF5ADC1C6FDFC30068E71E /* Interface.storyboard */,
				CCBF5ADF1C6FDFC30068E71E /* Assets.xcassets */,
				CCBF5AE11C6FDFC30068E71E /* Info.plist */,
			);
			name = Watch;
			path = MovePix;
			sourceTree = "<group>";
		};
		CCBF5AEA1C6FDFC30068E71E /* Watch Extension */ = {
			isa = PBXGroup;
			children = (
				CCBF5AEF1C6FDFC30068E71E /* ExtensionDelegate.swift */,
				CCBF5AF11C6FDFC30068E71E /* NotificationController.swift */,
				CCBF5AF31C6FDFC30068E71E /* Assets.xcassets */,
				CCBF5AF51C6FDFC30068E71E /* Info.plist */,
				CCBF5AEB1C6FDFC30068E71E /* Supporting Files */,
				CCBF5B051C6FF61E0068E71E /* AnimationInterfaceController.swift */,
			);
			name = "Watch Extension";
			path = "MovePix Extension";
			sourceTree = "<group>";
		};
		CCBF5AEB1C6FDFC30068E71E /* Supporting Files */ = {
			isa = PBXGroup;
			children = (
				CCBF5AEC1C6FDFC30068E71E /* PushNotificationPayload.apns */,
			);
			name = "Supporting Files";
			sourceTree = "<group>";
		};
		CCBF5B091C6FF9300068E71E /* Shared */ = {
			isa = PBXGroup;
			children = (
				CCBF5B0A1C6FF93F0068E71E /* Animation.swift */,
			);
			name = Shared;
			sourceTree = "<group>";
		};
		CCF3F97D1BDC61880019059B /* Visual assets */ = {
			isa = PBXGroup;
			children = (
				CC3C930D1C2C36AF00C17DD0 /* svg-icon.pdf */,
				CC3C930E1C2C36AF00C17DD0 /* video-icon.pdf */,
				CC3C930B1C2BBDF700C17DD0 /* delete.pdf */,
				CC3C93071C2BB0AB00C17DD0 /* duplicate_w.pdf */,
				CC3C93081C2BB0AB00C17DD0 /* duplicate.pdf */,
				CC3C92D91C2BAF0900C17DD0 /* export_w.pdf */,
				CC3C92DA1C2BAF0900C17DD0 /* export.pdf */,
				CC3C92DB1C2BAF0900C17DD0 /* list_w.pdf */,
				CC3C92DC1C2BAF0900C17DD0 /* list.pdf */,
				CC3C92DD1C2BAF0900C17DD0 /* new_w.pdf */,
				CC3C92DE1C2BAF0900C17DD0 /* new.pdf */,
				CC3C92DF1C2BAF0900C17DD0 /* next_w.pdf */,
				CC3C92E01C2BAF0900C17DD0 /* next-small_w.pdf */,
				CC3C92E11C2BAF0900C17DD0 /* next-small.pdf */,
				CC3C92E21C2BAF0900C17DD0 /* next.pdf */,
				CC3C92E31C2BAF0900C17DD0 /* play_w.pdf */,
				CC3C92E41C2BAF0900C17DD0 /* play.pdf */,
				CC3C92E51C2BAF0900C17DD0 /* previous_w.pdf */,
				CC3C92E61C2BAF0900C17DD0 /* previous-small_w.pdf */,
				CC3C92E71C2BAF0900C17DD0 /* previous-small.pdf */,
				CC3C92E81C2BAF0900C17DD0 /* previous.pdf */,
				CC3C92E91C2BAF0900C17DD0 /* settings_w.pdf */,
				CC3C92EA1C2BAF0900C17DD0 /* settings.pdf */,
				CC3C92EB1C2BAF0900C17DD0 /* stop_w.pdf */,
				CC3C92EC1C2BAF0900C17DD0 /* stop.pdf */,
				CC3C92ED1C2BAF0900C17DD0 /* trash.pdf */,
				CC3C92EE1C2BAF0900C17DD0 /* undo_w.pdf */,
				CC3C92EF1C2BAF0900C17DD0 /* undo.pdf */,
				CC3C92D71C2BACE000C17DD0 /* trash_w.pdf */,
				CC41AC901C114DA1004D2963 /* launch-logo.pdf */,
				CC0D9E6C1BF6A3910048B18C /* backup-help.png */,
				CC0D9E6D1BF6A3910048B18C /* backup-help@2x.png */,
				CC139DE11BDC34F800BF0A5B /* bitpix-move-76.png */,
				CC139DE21BDC34F800BF0A5B /* bitpix-move-120.png */,
				CC139DE31BDC34F800BF0A5B /* bitpix-move-152.png */,
				CC1E76BA1C23AF0D00FC7F96 /* bitpix-move-167.png */,
			);
			name = "Visual assets";
			sourceTree = "<group>";
		};
/* End PBXGroup section */

/* Begin PBXNativeTarget section */
		CC4D07941BD85D5400A52613 /* bitpix-move */ = {
			isa = PBXNativeTarget;
			buildConfigurationList = CC4D07AC1BD85D5400A52613 /* Build configuration list for PBXNativeTarget "bitpix-move" */;
			buildPhases = (
				CC4D07911BD85D5400A52613 /* Sources */,
				CC4D07921BD85D5400A52613 /* Frameworks */,
				CC4D07931BD85D5400A52613 /* Resources */,
				CCBF5B001C6FDFC30068E71E /* Embed Watch Content */,
			);
			buildRules = (
			);
			dependencies = (
				CCBF5AF71C6FDFC30068E71E /* PBXTargetDependency */,
			);
			name = "bitpix-move";
			productName = "bitpix-move";
			productReference = CC4D07951BD85D5400A52613 /* MovePix.app */;
			productType = "com.apple.product-type.application";
		};
		CCBF5AD91C6FDFC20068E71E /* MovePix */ = {
			isa = PBXNativeTarget;
			buildConfigurationList = CCBF5AFF1C6FDFC30068E71E /* Build configuration list for PBXNativeTarget "MovePix" */;
			buildPhases = (
				CCBF5AD81C6FDFC20068E71E /* Resources */,
				CCBF5AFE1C6FDFC30068E71E /* Embed App Extensions */,
			);
			buildRules = (
			);
			dependencies = (
				CCBF5AE91C6FDFC30068E71E /* PBXTargetDependency */,
			);
			name = MovePix;
			productName = MovePix;
			productReference = CCBF5ADA1C6FDFC20068E71E /* MovePix.app */;
			productType = "com.apple.product-type.application.watchapp2";
		};
		CCBF5AE51C6FDFC30068E71E /* MovePix Extension */ = {
			isa = PBXNativeTarget;
			buildConfigurationList = CCBF5AFD1C6FDFC30068E71E /* Build configuration list for PBXNativeTarget "MovePix Extension" */;
			buildPhases = (
				CCBF5AE21C6FDFC30068E71E /* Sources */,
				CCBF5AE31C6FDFC30068E71E /* Frameworks */,
				CCBF5AE41C6FDFC30068E71E /* Resources */,
			);
			buildRules = (
			);
			dependencies = (
			);
			name = "MovePix Extension";
			productName = "MovePix Extension";
			productReference = CCBF5AE61C6FDFC30068E71E /* MovePix Extension.appex */;
			productType = "com.apple.product-type.watchkit2-extension";
		};
/* End PBXNativeTarget section */

/* Begin PBXProject section */
		CC4D078D1BD85D5400A52613 /* Project object */ = {
			isa = PBXProject;
			attributes = {
				LastSwiftUpdateCheck = 0720;
				LastUpgradeCheck = 0700;
				ORGANIZATIONNAME = "Ping Pong Estudio";
				TargetAttributes = {
					CC4D07941BD85D5400A52613 = {
						CreatedOnToolsVersion = 7.0;
						DevelopmentTeam = 7GV57M66F4;
					};
					CCBF5AD91C6FDFC20068E71E = {
						CreatedOnToolsVersion = 7.2;
						DevelopmentTeam = 7GV57M66F4;
					};
					CCBF5AE51C6FDFC30068E71E = {
						CreatedOnToolsVersion = 7.2;
					};
				};
			};
			buildConfigurationList = CC4D07901BD85D5400A52613 /* Build configuration list for PBXProject "bitpix-move" */;
			compatibilityVersion = "Xcode 3.2";
			developmentRegion = English;
			hasScannedForEncodings = 0;
			knownRegions = (
				en,
				Base,
			);
			mainGroup = CC4D078C1BD85D5400A52613;
			productRefGroup = CC4D07961BD85D5400A52613 /* Products */;
			projectDirPath = "";
			projectRoot = "";
			targets = (
				CC4D07941BD85D5400A52613 /* bitpix-move */,
				CCBF5AD91C6FDFC20068E71E /* MovePix */,
				CCBF5AE51C6FDFC30068E71E /* MovePix Extension */,
			);
		};
/* End PBXProject section */

/* Begin PBXResourcesBuildPhase section */
		CC4D07931BD85D5400A52613 /* Resources */ = {
			isa = PBXResourcesBuildPhase;
			buildActionMask = 2147483647;
			files = (
				CC3C93091C2BB0AB00C17DD0 /* duplicate_w.pdf in Resources */,
				CC96A22E1C0E9AA100DADB79 /* instagram@2x.png in Resources */,
				CC3C93021C2BAF0900C17DD0 /* stop_w.pdf in Resources */,
				CC1E76BB1C23AF0E00FC7F96 /* bitpix-move-167.png in Resources */,
				CC3C92F71C2BAF0900C17DD0 /* next-small_w.pdf in Resources */,
				CC3C930F1C2C36AF00C17DD0 /* svg-icon.pdf in Resources */,
				CC139DE51BDC34F800BF0A5B /* bitpix-move-120.png in Resources */,
				CC3C92FF1C2BAF0900C17DD0 /* previous.pdf in Resources */,
				CC139DE61BDC34F800BF0A5B /* bitpix-move-152.png in Resources */,
				CC3C93001C2BAF0900C17DD0 /* settings_w.pdf in Resources */,
				CC3C93011C2BAF0900C17DD0 /* settings.pdf in Resources */,
				CC139DE81BDC353100BF0A5B /* Images.xcassets in Resources */,
				CC3C92F61C2BAF0900C17DD0 /* next_w.pdf in Resources */,
				CC3C92FA1C2BAF0900C17DD0 /* play_w.pdf in Resources */,
				CC3C92FE1C2BAF0900C17DD0 /* previous-small.pdf in Resources */,
				CC3C92F51C2BAF0900C17DD0 /* new.pdf in Resources */,
				CC41AC911C114DA1004D2963 /* launch-logo.pdf in Resources */,
				CC3C93051C2BAF0900C17DD0 /* undo_w.pdf in Resources */,
				CC3C92F01C2BAF0900C17DD0 /* export_w.pdf in Resources */,
				CC3C92F91C2BAF0900C17DD0 /* next.pdf in Resources */,
				CC3C93031C2BAF0900C17DD0 /* stop.pdf in Resources */,
				CC3C92F41C2BAF0900C17DD0 /* new_w.pdf in Resources */,
				CC3C92F11C2BAF0900C17DD0 /* export.pdf in Resources */,
				CC3C92FD1C2BAF0900C17DD0 /* previous-small_w.pdf in Resources */,
				CC4D07A81BD85D5400A52613 /* LaunchScreen.storyboard in Resources */,
				CC3C92F21C2BAF0900C17DD0 /* list_w.pdf in Resources */,
				CC4D07A51BD85D5400A52613 /* Assets.xcassets in Resources */,
				CC3C930C1C2BBDF800C17DD0 /* delete.pdf in Resources */,
				CC3C93061C2BAF0900C17DD0 /* undo.pdf in Resources */,
				CC96A22F1C0E9AA100DADB79 /* instagram~ipad.png in Resources */,
				CC3C92D81C2BACE000C17DD0 /* trash_w.pdf in Resources */,
				CC3C93101C2C36AF00C17DD0 /* video-icon.pdf in Resources */,
				CC0D9E6E1BF6A3910048B18C /* backup-help.png in Resources */,
				CC3C92F81C2BAF0900C17DD0 /* next-small.pdf in Resources */,
				CC4EFDE91C7435CB00B237DA /* bitpix-move-80.png in Resources */,
				CC3C93041C2BAF0900C17DD0 /* trash.pdf in Resources */,
				CC4D07A31BD85D5400A52613 /* Main.storyboard in Resources */,
				CCF3F9811BDC61EC0019059B /* Data.plist in Resources */,
				CC96A2301C0E9AA100DADB79 /* instagram~ipad@2x.png in Resources */,
				CC3C92F31C2BAF0900C17DD0 /* list.pdf in Resources */,
				CC139DE41BDC34F800BF0A5B /* bitpix-move-76.png in Resources */,
				CC0D9E6F1BF6A3910048B18C /* backup-help@2x.png in Resources */,
				CC3C92FB1C2BAF0900C17DD0 /* play.pdf in Resources */,
				CC96A22D1C0E9AA100DADB79 /* instagram.png in Resources */,
				CC3C92FC1C2BAF0900C17DD0 /* previous_w.pdf in Resources */,
				CC3C930A1C2BB0AB00C17DD0 /* duplicate.pdf in Resources */,
			);
			runOnlyForDeploymentPostprocessing = 0;
		};
		CCBF5AD81C6FDFC20068E71E /* Resources */ = {
			isa = PBXResourcesBuildPhase;
			buildActionMask = 2147483647;
			files = (
				CCBF5AE01C6FDFC30068E71E /* Assets.xcassets in Resources */,
				CCBF5ADE1C6FDFC30068E71E /* Interface.storyboard in Resources */,
			);
			runOnlyForDeploymentPostprocessing = 0;
		};
		CCBF5AE41C6FDFC30068E71E /* Resources */ = {
			isa = PBXResourcesBuildPhase;
			buildActionMask = 2147483647;
			files = (
				CCBF5B011C6FF1E80068E71E /* Data.plist in Resources */,
				CCBF5AF41C6FDFC30068E71E /* Assets.xcassets in Resources */,
				CCBF5B021C6FF43D0068E71E /* launch-logo.pdf in Resources */,
			);
			runOnlyForDeploymentPostprocessing = 0;
		};
/* End PBXResourcesBuildPhase section */

/* Begin PBXSourcesBuildPhase section */
		CC4D07911BD85D5400A52613 /* Sources */ = {
			isa = PBXSourcesBuildPhase;
			buildActionMask = 2147483647;
			files = (
				CC4D07A01BD85D5400A52613 /* MainViewController.m in Sources */,
				CCF3F9791BDC5E6E0019059B /* GridViewController.m in Sources */,
				CCF9A4921BEE549700B5B670 /* InfoViewController.m in Sources */,
				CCF3F97C1BDC60850019059B /* UserData.m in Sources */,
				CC4D440E1BEFE8B4000B0209 /* OZZipFile.m in Sources */,
				CC4D440A1BEFE8B4000B0209 /* unzip.c in Sources */,
				CCFB14FB1BDDAD2300D513D3 /* ThumbnailCell.m in Sources */,
				CC4D440D1BEFE8B4000B0209 /* OZZipException.m in Sources */,
				CC4D44161BEFE8B4000B0209 /* gzlib.c in Sources */,
				CC4D079D1BD85D5400A52613 /* AppDelegate.m in Sources */,
				CC4D44171BEFE8B4000B0209 /* gzread.c in Sources */,
				CC4D44151BEFE8B4000B0209 /* gzclose.c in Sources */,
				CC4D44181BEFE8B4000B0209 /* gzwrite.c in Sources */,
				CC4D44091BEFE8B4000B0209 /* ioapi.c in Sources */,
				CCFB14FE1BDDAF2800D513D3 /* ThumbnailView.m in Sources */,
				CC4D441E1BEFE8B4000B0209 /* uncompr.c in Sources */,
				CC4D440C1BEFE8B4000B0209 /* OZFileInZipInfo.m in Sources */,
				CC96A21E1C0D2BE500DADB79 /* CEMovieMaker.m in Sources */,
				CC4D441A1BEFE8B4000B0209 /* inffast.c in Sources */,
				CCBF5B0B1C6FF93F0068E71E /* Animation.swift in Sources */,
				CC4D44191BEFE8B4000B0209 /* infback.c in Sources */,
				CC4FCC281C2F5A4000B973EF /* FrameCell.m in Sources */,
				CC1D32691BDD9D6D002E9294 /* UIImageXtras.m in Sources */,
				CC4D44141BEFE8B4000B0209 /* deflate.c in Sources */,
				CC4D44121BEFE8B4000B0209 /* compress.c in Sources */,
				CC4D44101BEFE8B4000B0209 /* OZZipWriteStream.m in Sources */,
				CC4D07B11BD85F3400A52613 /* DrawView.m in Sources */,
				CCBF5B061C6FF61E0068E71E /* AnimationInterfaceController.swift in Sources */,
				CC96A22C1C0E9AA100DADB79 /* DMActivityInstagram.m in Sources */,
				CC4D441C1BEFE8B4000B0209 /* inftrees.c in Sources */,
				CC4D440F1BEFE8B4000B0209 /* OZZipReadStream.m in Sources */,
				CC4D44131BEFE8B4000B0209 /* crc32.c in Sources */,
				CC4D440B1BEFE8B4000B0209 /* zip.c in Sources */,
				CC4D441D1BEFE8B4000B0209 /* trees.c in Sources */,
				CCF3F9761BDC59F80019059B /* DrawViewAnimator.m in Sources */,
				CC4FCC251C2F585000B973EF /* LXReorderableCollectionViewFlowLayout.m in Sources */,
				CC4D44221BF00558000B0209 /* SVGExportActivityItemProvider.m in Sources */,
				CC4D441F1BEFE8B4000B0209 /* zutil.c in Sources */,
				CC4D079A1BD85D5400A52613 /* main.m in Sources */,
				CC4D44111BEFE8B4000B0209 /* adler32.c in Sources */,
				CC4D441B1BEFE8B4000B0209 /* inflate.c in Sources */,
			);
			runOnlyForDeploymentPostprocessing = 0;
		};
		CCBF5AE21C6FDFC30068E71E /* Sources */ = {
			isa = PBXSourcesBuildPhase;
			buildActionMask = 2147483647;
			files = (
				CCBF5AF21C6FDFC30068E71E /* NotificationController.swift in Sources */,
				CCBF5B071C6FF61E0068E71E /* AnimationInterfaceController.swift in Sources */,
				CCBF5B081C6FF8450068E71E /* UserData.m in Sources */,
				CCBF5B0C1C6FF93F0068E71E /* Animation.swift in Sources */,
				CCBF5AF01C6FDFC30068E71E /* ExtensionDelegate.swift in Sources */,
			);
			runOnlyForDeploymentPostprocessing = 0;
		};
/* End PBXSourcesBuildPhase section */

/* Begin PBXTargetDependency section */
		CCBF5AE91C6FDFC30068E71E /* PBXTargetDependency */ = {
			isa = PBXTargetDependency;
			target = CCBF5AE51C6FDFC30068E71E /* MovePix Extension */;
			targetProxy = CCBF5AE81C6FDFC30068E71E /* PBXContainerItemProxy */;
		};
		CCBF5AF71C6FDFC30068E71E /* PBXTargetDependency */ = {
			isa = PBXTargetDependency;
			target = CCBF5AD91C6FDFC20068E71E /* MovePix */;
			targetProxy = CCBF5AF61C6FDFC30068E71E /* PBXContainerItemProxy */;
		};
/* End PBXTargetDependency section */

/* Begin PBXVariantGroup section */
		CC4D07A11BD85D5400A52613 /* Main.storyboard */ = {
			isa = PBXVariantGroup;
			children = (
				CC4D07A21BD85D5400A52613 /* Base */,
			);
			name = Main.storyboard;
			sourceTree = "<group>";
		};
		CC4D07A61BD85D5400A52613 /* LaunchScreen.storyboard */ = {
			isa = PBXVariantGroup;
			children = (
				CC4D07A71BD85D5400A52613 /* Base */,
			);
			name = LaunchScreen.storyboard;
			sourceTree = "<group>";
		};
		CCBF5ADC1C6FDFC30068E71E /* Interface.storyboard */ = {
			isa = PBXVariantGroup;
			children = (
				CCBF5ADD1C6FDFC30068E71E /* Base */,
			);
			name = Interface.storyboard;
			sourceTree = "<group>";
		};
/* End PBXVariantGroup section */

/* Begin XCBuildConfiguration section */
		CC4D07AA1BD85D5400A52613 /* Debug */ = {
			isa = XCBuildConfiguration;
			buildSettings = {
				ALWAYS_SEARCH_USER_PATHS = NO;
				CLANG_CXX_LANGUAGE_STANDARD = "gnu++0x";
				CLANG_CXX_LIBRARY = "libc++";
				CLANG_ENABLE_MODULES = YES;
				CLANG_ENABLE_OBJC_ARC = YES;
				CLANG_WARN_BOOL_CONVERSION = YES;
				CLANG_WARN_CONSTANT_CONVERSION = YES;
				CLANG_WARN_DIRECT_OBJC_ISA_USAGE = YES_ERROR;
				CLANG_WARN_EMPTY_BODY = YES;
				CLANG_WARN_ENUM_CONVERSION = YES;
				CLANG_WARN_INT_CONVERSION = YES;
				CLANG_WARN_OBJC_ROOT_CLASS = YES_ERROR;
				CLANG_WARN_UNREACHABLE_CODE = YES;
				CLANG_WARN__DUPLICATE_METHOD_MATCH = YES;
				"CODE_SIGN_IDENTITY[sdk=iphoneos*]" = "iPhone Developer";
				COPY_PHASE_STRIP = NO;
				DEBUG_INFORMATION_FORMAT = dwarf;
				ENABLE_STRICT_OBJC_MSGSEND = YES;
				ENABLE_TESTABILITY = YES;
				GCC_C_LANGUAGE_STANDARD = gnu99;
				GCC_DYNAMIC_NO_PIC = NO;
				GCC_NO_COMMON_BLOCKS = YES;
				GCC_OPTIMIZATION_LEVEL = 0;
				GCC_PREPROCESSOR_DEFINITIONS = (
					"DEBUG=1",
					"$(inherited)",
				);
				GCC_WARN_64_TO_32_BIT_CONVERSION = YES;
				GCC_WARN_ABOUT_RETURN_TYPE = YES_ERROR;
				GCC_WARN_UNDECLARED_SELECTOR = YES;
				GCC_WARN_UNINITIALIZED_AUTOS = YES_AGGRESSIVE;
				GCC_WARN_UNUSED_FUNCTION = YES;
				GCC_WARN_UNUSED_VARIABLE = YES;
				IPHONEOS_DEPLOYMENT_TARGET = 8.0;
				MTL_ENABLE_DEBUG_INFO = YES;
				ONLY_ACTIVE_ARCH = YES;
				SDKROOT = iphoneos;
				TARGETED_DEVICE_FAMILY = "1,2";
			};
			name = Debug;
		};
		CC4D07AB1BD85D5400A52613 /* Release */ = {
			isa = XCBuildConfiguration;
			buildSettings = {
				ALWAYS_SEARCH_USER_PATHS = NO;
				CLANG_CXX_LANGUAGE_STANDARD = "gnu++0x";
				CLANG_CXX_LIBRARY = "libc++";
				CLANG_ENABLE_MODULES = YES;
				CLANG_ENABLE_OBJC_ARC = YES;
				CLANG_WARN_BOOL_CONVERSION = YES;
				CLANG_WARN_CONSTANT_CONVERSION = YES;
				CLANG_WARN_DIRECT_OBJC_ISA_USAGE = YES_ERROR;
				CLANG_WARN_EMPTY_BODY = YES;
				CLANG_WARN_ENUM_CONVERSION = YES;
				CLANG_WARN_INT_CONVERSION = YES;
				CLANG_WARN_OBJC_ROOT_CLASS = YES_ERROR;
				CLANG_WARN_UNREACHABLE_CODE = YES;
				CLANG_WARN__DUPLICATE_METHOD_MATCH = YES;
				"CODE_SIGN_IDENTITY[sdk=iphoneos*]" = "iPhone Developer";
				COPY_PHASE_STRIP = NO;
				DEBUG_INFORMATION_FORMAT = "dwarf-with-dsym";
				ENABLE_NS_ASSERTIONS = NO;
				ENABLE_STRICT_OBJC_MSGSEND = YES;
				GCC_C_LANGUAGE_STANDARD = gnu99;
				GCC_NO_COMMON_BLOCKS = YES;
				GCC_WARN_64_TO_32_BIT_CONVERSION = YES;
				GCC_WARN_ABOUT_RETURN_TYPE = YES_ERROR;
				GCC_WARN_UNDECLARED_SELECTOR = YES;
				GCC_WARN_UNINITIALIZED_AUTOS = YES_AGGRESSIVE;
				GCC_WARN_UNUSED_FUNCTION = YES;
				GCC_WARN_UNUSED_VARIABLE = YES;
				IPHONEOS_DEPLOYMENT_TARGET = 8.0;
				MTL_ENABLE_DEBUG_INFO = NO;
				SDKROOT = iphoneos;
				TARGETED_DEVICE_FAMILY = "1,2";
				VALIDATE_PRODUCT = YES;
			};
			name = Release;
		};
		CC4D07AD1BD85D5400A52613 /* Debug */ = {
			isa = XCBuildConfiguration;
			buildSettings = {
				ASSETCATALOG_COMPILER_APPICON_NAME = AppIcon;
				CLANG_ENABLE_MODULES = YES;
				CODE_SIGN_IDENTITY = "iPhone Developer";
				"CODE_SIGN_IDENTITY[sdk=iphoneos*]" = "iPhone Developer";
				INFOPLIST_FILE = "bitpix-move/Info.plist";
				IPHONEOS_DEPLOYMENT_TARGET = 9.0;
				LD_RUNPATH_SEARCH_PATHS = "$(inherited) @executable_path/Frameworks";
				PRODUCT_BUNDLE_IDENTIFIER = "com.pingpongestudio.bitpix-move";
				PRODUCT_NAME = MovePix;
				PROVISIONING_PROFILE = "";
				SWIFT_OBJC_BRIDGING_HEADER = "bitpix-move/bitpix-move-Bridging-Header.h";
				SWIFT_OPTIMIZATION_LEVEL = "-Onone";
				TARGETED_DEVICE_FAMILY = "1,2";
			};
			name = Debug;
		};
		CC4D07AE1BD85D5400A52613 /* Release */ = {
			isa = XCBuildConfiguration;
			buildSettings = {
				ASSETCATALOG_COMPILER_APPICON_NAME = AppIcon;
				CLANG_ENABLE_MODULES = YES;
				CODE_SIGN_IDENTITY = "iPhone Developer";
				"CODE_SIGN_IDENTITY[sdk=iphoneos*]" = "iPhone Developer";
				INFOPLIST_FILE = "bitpix-move/Info.plist";
				IPHONEOS_DEPLOYMENT_TARGET = 9.0;
				LD_RUNPATH_SEARCH_PATHS = "$(inherited) @executable_path/Frameworks";
				PRODUCT_BUNDLE_IDENTIFIER = "com.pingpongestudio.bitpix-move";
				PRODUCT_NAME = MovePix;
				PROVISIONING_PROFILE = "";
				SWIFT_OBJC_BRIDGING_HEADER = "bitpix-move/bitpix-move-Bridging-Header.h";
				TARGETED_DEVICE_FAMILY = "1,2";
			};
			name = Release;
		};
		CCBF5AF91C6FDFC30068E71E /* Debug */ = {
			isa = XCBuildConfiguration;
			buildSettings = {
				ASSETCATALOG_COMPILER_APPICON_NAME = AppIcon;
				CLANG_ENABLE_MODULES = YES;
				CODE_SIGN_IDENTITY = "iPhone Developer";
				"CODE_SIGN_IDENTITY[sdk=iphoneos*]" = "iPhone Developer";
				EMBEDDED_CONTENT_CONTAINS_SWIFT = YES;
				IBSC_MODULE = MovePix_Extension;
				INFOPLIST_FILE = MovePix/Info.plist;
				LD_RUNPATH_SEARCH_PATHS = "$(inherited) @executable_path/../Frameworks @loader_path/../Frameworks";
				PRODUCT_BUNDLE_IDENTIFIER = "com.pingpongestudio.bitpix-move.watchkitapp";
				PRODUCT_NAME = "$(TARGET_NAME)";
				SDKROOT = watchos;
				SKIP_INSTALL = YES;
				SWIFT_OBJC_BRIDGING_HEADER = "MovePix Extension/MovePix-Bridging-Header.h";
				SWIFT_OPTIMIZATION_LEVEL = "-Onone";
				TARGETED_DEVICE_FAMILY = 4;
				WATCHOS_DEPLOYMENT_TARGET = 2.1;
			};
			name = Debug;
		};
		CCBF5AFA1C6FDFC30068E71E /* Release */ = {
			isa = XCBuildConfiguration;
			buildSettings = {
				ASSETCATALOG_COMPILER_APPICON_NAME = AppIcon;
				CLANG_ENABLE_MODULES = YES;
				CODE_SIGN_IDENTITY = "iPhone Developer";
				"CODE_SIGN_IDENTITY[sdk=iphoneos*]" = "iPhone Developer";
				EMBEDDED_CONTENT_CONTAINS_SWIFT = YES;
				IBSC_MODULE = MovePix_Extension;
				INFOPLIST_FILE = MovePix/Info.plist;
				LD_RUNPATH_SEARCH_PATHS = "$(inherited) @executable_path/../Frameworks @loader_path/../Frameworks";
				PRODUCT_BUNDLE_IDENTIFIER = "com.pingpongestudio.bitpix-move.watchkitapp";
				PRODUCT_NAME = "$(TARGET_NAME)";
				SDKROOT = watchos;
				SKIP_INSTALL = YES;
				SWIFT_OBJC_BRIDGING_HEADER = "MovePix Extension/MovePix-Bridging-Header.h";
				TARGETED_DEVICE_FAMILY = 4;
				WATCHOS_DEPLOYMENT_TARGET = 2.1;
			};
			name = Release;
		};
		CCBF5AFB1C6FDFC30068E71E /* Debug */ = {
			isa = XCBuildConfiguration;
			buildSettings = {
				INFOPLIST_FILE = "MovePix Extension/Info.plist";
				LD_RUNPATH_SEARCH_PATHS = "$(inherited) @executable_path/Frameworks @executable_path/../../Frameworks";
				PRODUCT_BUNDLE_IDENTIFIER = "com.pingpongestudio.bitpix-move.watchkitapp.watchkitextension";
				PRODUCT_NAME = "${TARGET_NAME}";
				SDKROOT = watchos;
				SKIP_INSTALL = YES;
				SWIFT_OBJC_BRIDGING_HEADER = "bitpix-move/bitpix-move-Bridging-Header.h";
				SWIFT_OPTIMIZATION_LEVEL = "-Onone";
				TARGETED_DEVICE_FAMILY = 4;
				WATCHOS_DEPLOYMENT_TARGET = 2.1;
			};
			name = Debug;
		};
		CCBF5AFC1C6FDFC30068E71E /* Release */ = {
			isa = XCBuildConfiguration;
			buildSettings = {
				INFOPLIST_FILE = "MovePix Extension/Info.plist";
				LD_RUNPATH_SEARCH_PATHS = "$(inherited) @executable_path/Frameworks @executable_path/../../Frameworks";
				PRODUCT_BUNDLE_IDENTIFIER = "com.pingpongestudio.bitpix-move.watchkitapp.watchkitextension";
				PRODUCT_NAME = "${TARGET_NAME}";
				SDKROOT = watchos;
				SKIP_INSTALL = YES;
				SWIFT_OBJC_BRIDGING_HEADER = "bitpix-move/bitpix-move-Bridging-Header.h";
				TARGETED_DEVICE_FAMILY = 4;
				WATCHOS_DEPLOYMENT_TARGET = 2.1;
			};
			name = Release;
		};
/* End XCBuildConfiguration section */

/* Begin XCConfigurationList section */
		CC4D07901BD85D5400A52613 /* Build configuration list for PBXProject "bitpix-move" */ = {
			isa = XCConfigurationList;
			buildConfigurations = (
				CC4D07AA1BD85D5400A52613 /* Debug */,
				CC4D07AB1BD85D5400A52613 /* Release */,
			);
			defaultConfigurationIsVisible = 0;
			defaultConfigurationName = Release;
		};
		CC4D07AC1BD85D5400A52613 /* Build configuration list for PBXNativeTarget "bitpix-move" */ = {
			isa = XCConfigurationList;
			buildConfigurations = (
				CC4D07AD1BD85D5400A52613 /* Debug */,
				CC4D07AE1BD85D5400A52613 /* Release */,
			);
			defaultConfigurationIsVisible = 0;
			defaultConfigurationName = Release;
		};
		CCBF5AFD1C6FDFC30068E71E /* Build configuration list for PBXNativeTarget "MovePix Extension" */ = {
			isa = XCConfigurationList;
			buildConfigurations = (
				CCBF5AFB1C6FDFC30068E71E /* Debug */,
				CCBF5AFC1C6FDFC30068E71E /* Release */,
			);
			defaultConfigurationIsVisible = 0;
			defaultConfigurationName = Release;
		};
		CCBF5AFF1C6FDFC30068E71E /* Build configuration list for PBXNativeTarget "MovePix" */ = {
			isa = XCConfigurationList;
			buildConfigurations = (
				CCBF5AF91C6FDFC30068E71E /* Debug */,
				CCBF5AFA1C6FDFC30068E71E /* Release */,
			);
			defaultConfigurationIsVisible = 0;
			defaultConfigurationName = Release;
		};
/* End XCConfigurationList section */
	};
	rootObject = CC4D078D1BD85D5400A52613 /* Project object */;
}
