// !$*UTF8*$!
{
	archiveVersion = 1;
	classes = {
	};
	objectVersion = 46;
	objects = {

/* Begin PBXBuildFile section */
		CC139DE41BDC34F800BF0A5B /* bitpix-move-76.png in Resources */ = {isa = PBXBuildFile; fileRef = CC139DE11BDC34F800BF0A5B /* bitpix-move-76.png */; };
		CC139DE51BDC34F800BF0A5B /* bitpix-move-120.png in Resources */ = {isa = PBXBuildFile; fileRef = CC139DE21BDC34F800BF0A5B /* bitpix-move-120.png */; };
		CC139DE61BDC34F800BF0A5B /* bitpix-move-152.png in Resources */ = {isa = PBXBuildFile; fileRef = CC139DE31BDC34F800BF0A5B /* bitpix-move-152.png */; };
		CC139DE81BDC353100BF0A5B /* Images.xcassets in Resources */ = {isa = PBXBuildFile; fileRef = CC139DE71BDC353100BF0A5B /* Images.xcassets */; };
		CC4D079A1BD85D5400A52613 /* main.m in Sources */ = {isa = PBXBuildFile; fileRef = CC4D07991BD85D5400A52613 /* main.m */; };
		CC4D079D1BD85D5400A52613 /* AppDelegate.m in Sources */ = {isa = PBXBuildFile; fileRef = CC4D079C1BD85D5400A52613 /* AppDelegate.m */; };
		CC4D07A01BD85D5400A52613 /* ViewController.m in Sources */ = {isa = PBXBuildFile; fileRef = CC4D079F1BD85D5400A52613 /* ViewController.m */; };
		CC4D07A31BD85D5400A52613 /* Main.storyboard in Resources */ = {isa = PBXBuildFile; fileRef = CC4D07A11BD85D5400A52613 /* Main.storyboard */; };
		CC4D07A51BD85D5400A52613 /* Assets.xcassets in Resources */ = {isa = PBXBuildFile; fileRef = CC4D07A41BD85D5400A52613 /* Assets.xcassets */; };
		CC4D07A81BD85D5400A52613 /* LaunchScreen.storyboard in Resources */ = {isa = PBXBuildFile; fileRef = CC4D07A61BD85D5400A52613 /* LaunchScreen.storyboard */; };
		CC4D07B11BD85F3400A52613 /* DrawView.m in Sources */ = {isa = PBXBuildFile; fileRef = CC4D07B01BD85F3400A52613 /* DrawView.m */; };
		CCF3F9761BDC59F80019059B /* DrawViewAnimator.m in Sources */ = {isa = PBXBuildFile; fileRef = CCF3F9751BDC59F80019059B /* DrawViewAnimator.m */; };
		CCF3F9791BDC5E6E0019059B /* GridViewController.m in Sources */ = {isa = PBXBuildFile; fileRef = CCF3F9781BDC5E6E0019059B /* GridViewController.m */; };
		CCF3F97C1BDC60850019059B /* UserData.m in Sources */ = {isa = PBXBuildFile; fileRef = CCF3F97B1BDC60850019059B /* UserData.m */; };
		CCF3F9811BDC61EC0019059B /* Data.plist in Resources */ = {isa = PBXBuildFile; fileRef = CCF3F9801BDC61EC0019059B /* Data.plist */; };
/* End PBXBuildFile section */

/* Begin PBXFileReference section */
		CC139DE11BDC34F800BF0A5B /* bitpix-move-76.png */ = {isa = PBXFileReference; lastKnownFileType = image.png; path = "bitpix-move-76.png"; sourceTree = "<group>"; };
		CC139DE21BDC34F800BF0A5B /* bitpix-move-120.png */ = {isa = PBXFileReference; lastKnownFileType = image.png; path = "bitpix-move-120.png"; sourceTree = "<group>"; };
		CC139DE31BDC34F800BF0A5B /* bitpix-move-152.png */ = {isa = PBXFileReference; lastKnownFileType = image.png; path = "bitpix-move-152.png"; sourceTree = "<group>"; };
		CC139DE71BDC353100BF0A5B /* Images.xcassets */ = {isa = PBXFileReference; lastKnownFileType = folder.assetcatalog; path = Images.xcassets; sourceTree = "<group>"; };
		CC4D07951BD85D5400A52613 /* bitpix-move.app */ = {isa = PBXFileReference; explicitFileType = wrapper.application; includeInIndex = 0; path = "bitpix-move.app"; sourceTree = BUILT_PRODUCTS_DIR; };
		CC4D07991BD85D5400A52613 /* main.m */ = {isa = PBXFileReference; lastKnownFileType = sourcecode.c.objc; path = main.m; sourceTree = "<group>"; };
		CC4D079B1BD85D5400A52613 /* AppDelegate.h */ = {isa = PBXFileReference; lastKnownFileType = sourcecode.c.h; path = AppDelegate.h; sourceTree = "<group>"; };
		CC4D079C1BD85D5400A52613 /* AppDelegate.m */ = {isa = PBXFileReference; lastKnownFileType = sourcecode.c.objc; path = AppDelegate.m; sourceTree = "<group>"; };
		CC4D079E1BD85D5400A52613 /* ViewController.h */ = {isa = PBXFileReference; lastKnownFileType = sourcecode.c.h; path = ViewController.h; sourceTree = "<group>"; };
		CC4D079F1BD85D5400A52613 /* ViewController.m */ = {isa = PBXFileReference; lastKnownFileType = sourcecode.c.objc; path = ViewController.m; sourceTree = "<group>"; };
		CC4D07A21BD85D5400A52613 /* Base */ = {isa = PBXFileReference; lastKnownFileType = file.storyboard; name = Base; path = Base.lproj/Main.storyboard; sourceTree = "<group>"; };
		CC4D07A41BD85D5400A52613 /* Assets.xcassets */ = {isa = PBXFileReference; lastKnownFileType = folder.assetcatalog; path = Assets.xcassets; sourceTree = "<group>"; };
		CC4D07A71BD85D5400A52613 /* Base */ = {isa = PBXFileReference; lastKnownFileType = file.storyboard; name = Base; path = Base.lproj/LaunchScreen.storyboard; sourceTree = "<group>"; };
		CC4D07A91BD85D5400A52613 /* Info.plist */ = {isa = PBXFileReference; lastKnownFileType = text.plist.xml; path = Info.plist; sourceTree = "<group>"; };
		CC4D07AF1BD85F3400A52613 /* DrawView.h */ = {isa = PBXFileReference; fileEncoding = 4; lastKnownFileType = sourcecode.c.h; path = DrawView.h; sourceTree = "<group>"; };
		CC4D07B01BD85F3400A52613 /* DrawView.m */ = {isa = PBXFileReference; fileEncoding = 4; lastKnownFileType = sourcecode.c.objc; path = DrawView.m; sourceTree = "<group>"; };
		CCF3F9741BDC59F80019059B /* DrawViewAnimator.h */ = {isa = PBXFileReference; fileEncoding = 4; lastKnownFileType = sourcecode.c.h; path = DrawViewAnimator.h; sourceTree = "<group>"; };
		CCF3F9751BDC59F80019059B /* DrawViewAnimator.m */ = {isa = PBXFileReference; fileEncoding = 4; lastKnownFileType = sourcecode.c.objc; path = DrawViewAnimator.m; sourceTree = "<group>"; };
		CCF3F9771BDC5E6E0019059B /* GridViewController.h */ = {isa = PBXFileReference; fileEncoding = 4; lastKnownFileType = sourcecode.c.h; path = GridViewController.h; sourceTree = "<group>"; };
		CCF3F9781BDC5E6E0019059B /* GridViewController.m */ = {isa = PBXFileReference; fileEncoding = 4; lastKnownFileType = sourcecode.c.objc; path = GridViewController.m; sourceTree = "<group>"; };
		CCF3F97A1BDC60850019059B /* UserData.h */ = {isa = PBXFileReference; fileEncoding = 4; lastKnownFileType = sourcecode.c.h; path = UserData.h; sourceTree = "<group>"; };
		CCF3F97B1BDC60850019059B /* UserData.m */ = {isa = PBXFileReference; fileEncoding = 4; lastKnownFileType = sourcecode.c.objc; path = UserData.m; sourceTree = "<group>"; };
		CCF3F9801BDC61EC0019059B /* Data.plist */ = {isa = PBXFileReference; fileEncoding = 4; lastKnownFileType = text.plist.xml; path = Data.plist; sourceTree = "<group>"; };
/* End PBXFileReference section */

/* Begin PBXFrameworksBuildPhase section */
		CC4D07921BD85D5400A52613 /* Frameworks */ = {
			isa = PBXFrameworksBuildPhase;
			buildActionMask = 2147483647;
			files = (
			);
			runOnlyForDeploymentPostprocessing = 0;
		};
/* End PBXFrameworksBuildPhase section */

/* Begin PBXGroup section */
		CC4D078C1BD85D5400A52613 = {
			isa = PBXGroup;
			children = (
				CC4D07971BD85D5400A52613 /* bitpix-move */,
				CC4D07961BD85D5400A52613 /* Products */,
			);
			sourceTree = "<group>";
		};
		CC4D07961BD85D5400A52613 /* Products */ = {
			isa = PBXGroup;
			children = (
				CC4D07951BD85D5400A52613 /* bitpix-move.app */,
			);
			name = Products;
			sourceTree = "<group>";
		};
		CC4D07971BD85D5400A52613 /* bitpix-move */ = {
			isa = PBXGroup;
			children = (
				CC4D079B1BD85D5400A52613 /* AppDelegate.h */,
				CC4D079C1BD85D5400A52613 /* AppDelegate.m */,
				CC4D079E1BD85D5400A52613 /* ViewController.h */,
				CC4D079F1BD85D5400A52613 /* ViewController.m */,
				CCF3F9771BDC5E6E0019059B /* GridViewController.h */,
				CCF3F9781BDC5E6E0019059B /* GridViewController.m */,
				CCF3F97A1BDC60850019059B /* UserData.h */,
				CCF3F97B1BDC60850019059B /* UserData.m */,
				CC4D07AF1BD85F3400A52613 /* DrawView.h */,
				CC4D07B01BD85F3400A52613 /* DrawView.m */,
				CCF3F9741BDC59F80019059B /* DrawViewAnimator.h */,
				CCF3F9751BDC59F80019059B /* DrawViewAnimator.m */,
				CCF3F97D1BDC61880019059B /* Visual assets */,
				CC4D07981BD85D5400A52613 /* Supporting Files */,
			);
			path = "bitpix-move";
			sourceTree = "<group>";
		};
		CC4D07981BD85D5400A52613 /* Supporting Files */ = {
			isa = PBXGroup;
			children = (
				CC4D07A91BD85D5400A52613 /* Info.plist */,
				CC4D07991BD85D5400A52613 /* main.m */,
				CCF3F9801BDC61EC0019059B /* Data.plist */,
			);
			name = "Supporting Files";
			sourceTree = "<group>";
		};
		CCF3F97D1BDC61880019059B /* Visual assets */ = {
			isa = PBXGroup;
			children = (
				CC139DE11BDC34F800BF0A5B /* bitpix-move-76.png */,
				CC139DE21BDC34F800BF0A5B /* bitpix-move-120.png */,
				CC139DE31BDC34F800BF0A5B /* bitpix-move-152.png */,
				CC4D07A11BD85D5400A52613 /* Main.storyboard */,
				CC4D07A41BD85D5400A52613 /* Assets.xcassets */,
				CC4D07A61BD85D5400A52613 /* LaunchScreen.storyboard */,
				CC139DE71BDC353100BF0A5B /* Images.xcassets */,
			);
			name = "Visual assets";
			sourceTree = "<group>";
		};
/* End PBXGroup section */

/* Begin PBXNativeTarget section */
		CC4D07941BD85D5400A52613 /* bitpix-move */ = {
			isa = PBXNativeTarget;
			buildConfigurationList = CC4D07AC1BD85D5400A52613 /* Build configuration list for PBXNativeTarget "bitpix-move" */;
			buildPhases = (
				CC4D07911BD85D5400A52613 /* Sources */,
				CC4D07921BD85D5400A52613 /* Frameworks */,
				CC4D07931BD85D5400A52613 /* Resources */,
			);
			buildRules = (
			);
			dependencies = (
			);
			name = "bitpix-move";
			productName = "bitpix-move";
			productReference = CC4D07951BD85D5400A52613 /* bitpix-move.app */;
			productType = "com.apple.product-type.application";
		};
/* End PBXNativeTarget section */

/* Begin PBXProject section */
		CC4D078D1BD85D5400A52613 /* Project object */ = {
			isa = PBXProject;
			attributes = {
				LastUpgradeCheck = 0700;
				ORGANIZATIONNAME = "Ping Pong Estudio";
				TargetAttributes = {
					CC4D07941BD85D5400A52613 = {
						CreatedOnToolsVersion = 7.0;
						DevelopmentTeam = 7GV57M66F4;
					};
				};
			};
			buildConfigurationList = CC4D07901BD85D5400A52613 /* Build configuration list for PBXProject "bitpix-move" */;
			compatibilityVersion = "Xcode 3.2";
			developmentRegion = English;
			hasScannedForEncodings = 0;
			knownRegions = (
				en,
				Base,
			);
			mainGroup = CC4D078C1BD85D5400A52613;
			productRefGroup = CC4D07961BD85D5400A52613 /* Products */;
			projectDirPath = "";
			projectRoot = "";
			targets = (
				CC4D07941BD85D5400A52613 /* bitpix-move */,
			);
		};
/* End PBXProject section */

/* Begin PBXResourcesBuildPhase section */
		CC4D07931BD85D5400A52613 /* Resources */ = {
			isa = PBXResourcesBuildPhase;
			buildActionMask = 2147483647;
			files = (
				CC139DE51BDC34F800BF0A5B /* bitpix-move-120.png in Resources */,
				CC139DE61BDC34F800BF0A5B /* bitpix-move-152.png in Resources */,
				CC139DE81BDC353100BF0A5B /* Images.xcassets in Resources */,
				CC4D07A81BD85D5400A52613 /* LaunchScreen.storyboard in Resources */,
				CC4D07A51BD85D5400A52613 /* Assets.xcassets in Resources */,
				CC4D07A31BD85D5400A52613 /* Main.storyboard in Resources */,
				CCF3F9811BDC61EC0019059B /* Data.plist in Resources */,
				CC139DE41BDC34F800BF0A5B /* bitpix-move-76.png in Resources */,
			);
			runOnlyForDeploymentPostprocessing = 0;
		};
/* End PBXResourcesBuildPhase section */

/* Begin PBXSourcesBuildPhase section */
		CC4D07911BD85D5400A52613 /* Sources */ = {
			isa = PBXSourcesBuildPhase;
			buildActionMask = 2147483647;
			files = (
				CC4D07A01BD85D5400A52613 /* ViewController.m in Sources */,
				CCF3F9791BDC5E6E0019059B /* GridViewController.m in Sources */,
				CCF3F97C1BDC60850019059B /* UserData.m in Sources */,
				CC4D079D1BD85D5400A52613 /* AppDelegate.m in Sources */,
				CC4D07B11BD85F3400A52613 /* DrawView.m in Sources */,
				CCF3F9761BDC59F80019059B /* DrawViewAnimator.m in Sources */,
				CC4D079A1BD85D5400A52613 /* main.m in Sources */,
			);
			runOnlyForDeploymentPostprocessing = 0;
		};
/* End PBXSourcesBuildPhase section */

/* Begin PBXVariantGroup section */
		CC4D07A11BD85D5400A52613 /* Main.storyboard */ = {
			isa = PBXVariantGroup;
			children = (
				CC4D07A21BD85D5400A52613 /* Base */,
			);
			name = Main.storyboard;
			sourceTree = "<group>";
		};
		CC4D07A61BD85D5400A52613 /* LaunchScreen.storyboard */ = {
			isa = PBXVariantGroup;
			children = (
				CC4D07A71BD85D5400A52613 /* Base */,
			);
			name = LaunchScreen.storyboard;
			sourceTree = "<group>";
		};
/* End PBXVariantGroup section */

/* Begin XCBuildConfiguration section */
		CC4D07AA1BD85D5400A52613 /* Debug */ = {
			isa = XCBuildConfiguration;
			buildSettings = {
				ALWAYS_SEARCH_USER_PATHS = NO;
				CLANG_CXX_LANGUAGE_STANDARD = "gnu++0x";
				CLANG_CXX_LIBRARY = "libc++";
				CLANG_ENABLE_MODULES = YES;
				CLANG_ENABLE_OBJC_ARC = YES;
				CLANG_WARN_BOOL_CONVERSION = YES;
				CLANG_WARN_CONSTANT_CONVERSION = YES;
				CLANG_WARN_DIRECT_OBJC_ISA_USAGE = YES_ERROR;
				CLANG_WARN_EMPTY_BODY = YES;
				CLANG_WARN_ENUM_CONVERSION = YES;
				CLANG_WARN_INT_CONVERSION = YES;
				CLANG_WARN_OBJC_ROOT_CLASS = YES_ERROR;
				CLANG_WARN_UNREACHABLE_CODE = YES;
				CLANG_WARN__DUPLICATE_METHOD_MATCH = YES;
				"CODE_SIGN_IDENTITY[sdk=iphoneos*]" = "iPhone Developer";
				COPY_PHASE_STRIP = NO;
				DEBUG_INFORMATION_FORMAT = dwarf;
				ENABLE_STRICT_OBJC_MSGSEND = YES;
				ENABLE_TESTABILITY = YES;
				GCC_C_LANGUAGE_STANDARD = gnu99;
				GCC_DYNAMIC_NO_PIC = NO;
				GCC_NO_COMMON_BLOCKS = YES;
				GCC_OPTIMIZATION_LEVEL = 0;
				GCC_PREPROCESSOR_DEFINITIONS = (
					"DEBUG=1",
					"$(inherited)",
				);
				GCC_WARN_64_TO_32_BIT_CONVERSION = YES;
				GCC_WARN_ABOUT_RETURN_TYPE = YES_ERROR;
				GCC_WARN_UNDECLARED_SELECTOR = YES;
				GCC_WARN_UNINITIALIZED_AUTOS = YES_AGGRESSIVE;
				GCC_WARN_UNUSED_FUNCTION = YES;
				GCC_WARN_UNUSED_VARIABLE = YES;
				IPHONEOS_DEPLOYMENT_TARGET = 8.0;
				MTL_ENABLE_DEBUG_INFO = YES;
				ONLY_ACTIVE_ARCH = YES;
				SDKROOT = iphoneos;
				TARGETED_DEVICE_FAMILY = "1,2";
			};
			name = Debug;
		};
		CC4D07AB1BD85D5400A52613 /* Release */ = {
			isa = XCBuildConfiguration;
			buildSettings = {
				ALWAYS_SEARCH_USER_PATHS = NO;
				CLANG_CXX_LANGUAGE_STANDARD = "gnu++0x";
				CLANG_CXX_LIBRARY = "libc++";
				CLANG_ENABLE_MODULES = YES;
				CLANG_ENABLE_OBJC_ARC = YES;
				CLANG_WARN_BOOL_CONVERSION = YES;
				CLANG_WARN_CONSTANT_CONVERSION = YES;
				CLANG_WARN_DIRECT_OBJC_ISA_USAGE = YES_ERROR;
				CLANG_WARN_EMPTY_BODY = YES;
				CLANG_WARN_ENUM_CONVERSION = YES;
				CLANG_WARN_INT_CONVERSION = YES;
				CLANG_WARN_OBJC_ROOT_CLASS = YES_ERROR;
				CLANG_WARN_UNREACHABLE_CODE = YES;
				CLANG_WARN__DUPLICATE_METHOD_MATCH = YES;
				"CODE_SIGN_IDENTITY[sdk=iphoneos*]" = "iPhone Developer";
				COPY_PHASE_STRIP = NO;
				DEBUG_INFORMATION_FORMAT = "dwarf-with-dsym";
				ENABLE_NS_ASSERTIONS = NO;
				ENABLE_STRICT_OBJC_MSGSEND = YES;
				GCC_C_LANGUAGE_STANDARD = gnu99;
				GCC_NO_COMMON_BLOCKS = YES;
				GCC_WARN_64_TO_32_BIT_CONVERSION = YES;
				GCC_WARN_ABOUT_RETURN_TYPE = YES_ERROR;
				GCC_WARN_UNDECLARED_SELECTOR = YES;
				GCC_WARN_UNINITIALIZED_AUTOS = YES_AGGRESSIVE;
				GCC_WARN_UNUSED_FUNCTION = YES;
				GCC_WARN_UNUSED_VARIABLE = YES;
				IPHONEOS_DEPLOYMENT_TARGET = 8.0;
				MTL_ENABLE_DEBUG_INFO = NO;
				SDKROOT = iphoneos;
				TARGETED_DEVICE_FAMILY = "1,2";
				VALIDATE_PRODUCT = YES;
			};
			name = Release;
		};
		CC4D07AD1BD85D5400A52613 /* Debug */ = {
			isa = XCBuildConfiguration;
			buildSettings = {
				ASSETCATALOG_COMPILER_APPICON_NAME = AppIcon;
				CODE_SIGN_IDENTITY = "iPhone Developer";
				"CODE_SIGN_IDENTITY[sdk=iphoneos*]" = "iPhone Developer";
				INFOPLIST_FILE = "bitpix-move/Info.plist";
				LD_RUNPATH_SEARCH_PATHS = "$(inherited) @executable_path/Frameworks";
				PRODUCT_BUNDLE_IDENTIFIER = "com.pingpongestudio.bitpix-move";
				PRODUCT_NAME = "$(TARGET_NAME)";
				PROVISIONING_PROFILE = "";
			};
			name = Debug;
		};
		CC4D07AE1BD85D5400A52613 /* Release */ = {
			isa = XCBuildConfiguration;
			buildSettings = {
				ASSETCATALOG_COMPILER_APPICON_NAME = AppIcon;
				CODE_SIGN_IDENTITY = "iPhone Developer";
				"CODE_SIGN_IDENTITY[sdk=iphoneos*]" = "iPhone Developer";
				INFOPLIST_FILE = "bitpix-move/Info.plist";
				LD_RUNPATH_SEARCH_PATHS = "$(inherited) @executable_path/Frameworks";
				PRODUCT_BUNDLE_IDENTIFIER = "com.pingpongestudio.bitpix-move";
				PRODUCT_NAME = "$(TARGET_NAME)";
				PROVISIONING_PROFILE = "";
			};
			name = Release;
		};
/* End XCBuildConfiguration section */

/* Begin XCConfigurationList section */
		CC4D07901BD85D5400A52613 /* Build configuration list for PBXProject "bitpix-move" */ = {
			isa = XCConfigurationList;
			buildConfigurations = (
				CC4D07AA1BD85D5400A52613 /* Debug */,
				CC4D07AB1BD85D5400A52613 /* Release */,
			);
			defaultConfigurationIsVisible = 0;
			defaultConfigurationName = Release;
		};
		CC4D07AC1BD85D5400A52613 /* Build configuration list for PBXNativeTarget "bitpix-move" */ = {
			isa = XCConfigurationList;
			buildConfigurations = (
				CC4D07AD1BD85D5400A52613 /* Debug */,
				CC4D07AE1BD85D5400A52613 /* Release */,
			);
			defaultConfigurationIsVisible = 0;
			defaultConfigurationName = Release;
		};
/* End XCConfigurationList section */
	};
	rootObject = CC4D078D1BD85D5400A52613 /* Project object */;
}
